{
  "version": 4,
  "terraform_version": "0.13.0",
  "serial": 344,
  "lineage": "c32f5dcb-cd41-264c-0987-8912396e69f8",
  "outputs": {
    "OEL_images": {
      "value": [
        {
          "agent_features": [],
          "base_image_id": "",
          "compartment_id": "",
          "create_image_allowed": true,
          "defined_tags": {},
          "display_name": "Oracle-Linux-8.2-2020.07.28-0",
          "freeform_tags": {},
          "id": "ocid1.image.oc1.iad.aaaaaaaa7loygdwzmew3hud3bqjyzamzqnz3krpiuhjb3z3u5s3hmmtar6mq",
          "image_source_details": [],
          "instance_id": "",
          "launch_mode": "NATIVE",
          "launch_options": [
            {
              "boot_volume_type": "PARAVIRTUALIZED",
              "firmware": "UEFI_64",
              "is_consistent_volume_naming_enabled": true,
              "is_pv_encryption_in_transit_enabled": true,
              "network_type": "PARAVIRTUALIZED",
              "remote_data_volume_type": "PARAVIRTUALIZED"
            }
          ],
          "operating_system": "Oracle Linux",
          "operating_system_version": "8",
          "size_in_mbs": "47694",
          "state": "AVAILABLE",
          "time_created": "2020-07-30 23:25:59.115 +0000 UTC"
        },
        {
          "agent_features": [],
          "base_image_id": "",
          "compartment_id": "",
          "create_image_allowed": true,
          "defined_tags": {},
          "display_name": "Oracle-Linux-7.8-Gen2-GPU-2020.07.28-0",
          "freeform_tags": {},
          "id": "ocid1.image.oc1.iad.aaaaaaaanpytqa77xkkiavvqj7kl624trcdlql7ivk533j7z7bewd73ppvma",
          "image_source_details": [],
          "instance_id": "",
          "launch_mode": "NATIVE",
          "launch_options": [
            {
              "boot_volume_type": "PARAVIRTUALIZED",
              "firmware": "UEFI_64",
              "is_consistent_volume_naming_enabled": true,
              "is_pv_encryption_in_transit_enabled": true,
              "network_type": "PARAVIRTUALIZED",
              "remote_data_volume_type": "PARAVIRTUALIZED"
            }
          ],
          "operating_system": "Oracle Linux",
          "operating_system_version": "7.8",
          "size_in_mbs": "47694",
          "state": "AVAILABLE",
          "time_created": "2020-07-29 18:18:37.07 +0000 UTC"
        },
        {
          "agent_features": [],
          "base_image_id": "",
          "compartment_id": "",
          "create_image_allowed": true,
          "defined_tags": {},
          "display_name": "Oracle-Linux-7.8-Gen2-GPU-2020.06.30-0",
          "freeform_tags": {},
          "id": "ocid1.image.oc1.iad.aaaaaaaaqerrgcxb6wfbivekh6ipvdpwdg2gqlh5rwslfghi677o53kuui7a",
          "image_source_details": [],
          "instance_id": "",
          "launch_mode": "NATIVE",
          "launch_options": [
            {
              "boot_volume_type": "PARAVIRTUALIZED",
              "firmware": "UEFI_64",
              "is_consistent_volume_naming_enabled": true,
              "is_pv_encryption_in_transit_enabled": true,
              "network_type": "PARAVIRTUALIZED",
              "remote_data_volume_type": "PARAVIRTUALIZED"
            }
          ],
          "operating_system": "Oracle Linux",
          "operating_system_version": "7.8",
          "size_in_mbs": "47694",
          "state": "AVAILABLE",
          "time_created": "2020-06-30 22:58:17.012 +0000 UTC"
        },
        {
          "agent_features": [],
          "base_image_id": "",
          "compartment_id": "",
          "create_image_allowed": true,
          "defined_tags": {},
          "display_name": "Oracle-Linux-7.8-Gen2-GPU-2020.06.09-0",
          "freeform_tags": {},
          "id": "ocid1.image.oc1.iad.aaaaaaaa5nwoe6w4tgzcqajbdvsj5222awziwzvig3nwocstvuwsdqjyctaa",
          "image_source_details": [],
          "instance_id": "",
          "launch_mode": "NATIVE",
          "launch_options": [
            {
              "boot_volume_type": "PARAVIRTUALIZED",
              "firmware": "UEFI_64",
              "is_consistent_volume_naming_enabled": true,
              "is_pv_encryption_in_transit_enabled": true,
              "network_type": "PARAVIRTUALIZED",
              "remote_data_volume_type": "PARAVIRTUALIZED"
            }
          ],
          "operating_system": "Oracle Linux",
          "operating_system_version": "7.8",
          "size_in_mbs": "47694",
          "state": "AVAILABLE",
          "time_created": "2020-06-05 23:12:35.345 +0000 UTC"
        },
        {
          "agent_features": [],
          "base_image_id": "",
          "compartment_id": "",
          "create_image_allowed": true,
          "defined_tags": {},
          "display_name": "Oracle-Linux-7.8-Gen2-GPU-2020.05.26-0",
          "freeform_tags": {},
          "id": "ocid1.image.oc1.iad.aaaaaaaanicu6jwa44r4irsh5gdczpcwenttzltsxjns5uummqvs2eouipoa",
          "image_source_details": [],
          "instance_id": "",
          "launch_mode": "NATIVE",
          "launch_options": [
            {
              "boot_volume_type": "PARAVIRTUALIZED",
              "firmware": "UEFI_64",
              "is_consistent_volume_naming_enabled": true,
              "is_pv_encryption_in_transit_enabled": true,
              "network_type": "PARAVIRTUALIZED",
              "remote_data_volume_type": "PARAVIRTUALIZED"
            }
          ],
          "operating_system": "Oracle Linux",
          "operating_system_version": "7.8",
          "size_in_mbs": "47694",
          "state": "AVAILABLE",
          "time_created": "2020-05-28 23:06:15.472 +0000 UTC"
        },
        {
          "agent_features": [],
          "base_image_id": "",
          "compartment_id": "",
          "create_image_allowed": true,
          "defined_tags": {},
          "display_name": "Oracle-Linux-7.8-2020.07.28-0",
          "freeform_tags": {},
          "id": "ocid1.image.oc1.iad.aaaaaaaakcggae4tjdluuizz2if7zivhk2ch47yiqyrrhr7qgygchu7ddyla",
          "image_source_details": [],
          "instance_id": "",
          "launch_mode": "NATIVE",
          "launch_options": [
            {
              "boot_volume_type": "PARAVIRTUALIZED",
              "firmware": "UEFI_64",
              "is_consistent_volume_naming_enabled": true,
              "is_pv_encryption_in_transit_enabled": true,
              "network_type": "PARAVIRTUALIZED",
              "remote_data_volume_type": "PARAVIRTUALIZED"
            }
          ],
          "operating_system": "Oracle Linux",
          "operating_system_version": "7.8",
          "size_in_mbs": "47694",
          "state": "AVAILABLE",
          "time_created": "2020-07-29 17:49:49.501 +0000 UTC"
        },
        {
          "agent_features": [],
          "base_image_id": "",
          "compartment_id": "",
          "create_image_allowed": true,
          "defined_tags": {},
          "display_name": "Oracle-Linux-7.8-2020.06.30-0",
          "freeform_tags": {},
          "id": "ocid1.image.oc1.iad.aaaaaaaabip6l5i5ikqsnm64xwrw2rrkj3tzo2dv47frowlt3droliwpvfaa",
          "image_source_details": [],
          "instance_id": "",
          "launch_mode": "NATIVE",
          "launch_options": [
            {
              "boot_volume_type": "PARAVIRTUALIZED",
              "firmware": "UEFI_64",
              "is_consistent_volume_naming_enabled": true,
              "is_pv_encryption_in_transit_enabled": true,
              "network_type": "PARAVIRTUALIZED",
              "remote_data_volume_type": "PARAVIRTUALIZED"
            }
          ],
          "operating_system": "Oracle Linux",
          "operating_system_version": "7.8",
          "size_in_mbs": "47694",
          "state": "AVAILABLE",
          "time_created": "2020-06-30 23:00:16.448 +0000 UTC"
        },
        {
          "agent_features": [],
          "base_image_id": "",
          "compartment_id": "",
          "create_image_allowed": true,
          "defined_tags": {},
          "display_name": "Oracle-Linux-7.8-2020.06.09-0",
          "freeform_tags": {},
          "id": "ocid1.image.oc1.iad.aaaaaaaajqf67o4fvwpievx2sdjsu5dpgiholpqrjykfvfhccn4qnqmswwpq",
          "image_source_details": [],
          "instance_id": "",
          "launch_mode": "NATIVE",
          "launch_options": [
            {
              "boot_volume_type": "PARAVIRTUALIZED",
              "firmware": "UEFI_64",
              "is_consistent_volume_naming_enabled": true,
              "is_pv_encryption_in_transit_enabled": true,
              "network_type": "PARAVIRTUALIZED",
              "remote_data_volume_type": "PARAVIRTUALIZED"
            }
          ],
          "operating_system": "Oracle Linux",
          "operating_system_version": "7.8",
          "size_in_mbs": "47694",
          "state": "AVAILABLE",
          "time_created": "2020-06-05 23:13:00.253 +0000 UTC"
        },
        {
          "agent_features": [],
          "base_image_id": "",
          "compartment_id": "",
          "create_image_allowed": true,
          "defined_tags": {},
          "display_name": "Oracle-Linux-7.8-2020.05.26-0",
          "freeform_tags": {},
          "id": "ocid1.image.oc1.iad.aaaaaaaashyy2whsxs65paokuhg5uyjjqq3x54tnix5all4jjxzvdlz6kltq",
          "image_source_details": [],
          "instance_id": "",
          "launch_mode": "NATIVE",
          "launch_options": [
            {
              "boot_volume_type": "PARAVIRTUALIZED",
              "firmware": "UEFI_64",
              "is_consistent_volume_naming_enabled": true,
              "is_pv_encryption_in_transit_enabled": true,
              "network_type": "PARAVIRTUALIZED",
              "remote_data_volume_type": "PARAVIRTUALIZED"
            }
          ],
          "operating_system": "Oracle Linux",
          "operating_system_version": "7.8",
          "size_in_mbs": "47694",
          "state": "AVAILABLE",
          "time_created": "2020-05-28 22:54:17.631 +0000 UTC"
        },
        {
          "agent_features": [],
          "base_image_id": "",
          "compartment_id": "",
          "create_image_allowed": true,
          "defined_tags": {},
          "display_name": "Oracle-Linux-7.8-2020.04.17-0",
          "freeform_tags": {},
          "id": "ocid1.image.oc1.iad.aaaaaaaahjkmmew2pjrcpylaf6zdddtom6xjnazwptervti35keqd4fdylca",
          "image_source_details": [],
          "instance_id": "",
          "launch_mode": "NATIVE",
          "launch_options": [
            {
              "boot_volume_type": "PARAVIRTUALIZED",
              "firmware": "UEFI_64",
              "is_consistent_volume_naming_enabled": true,
              "is_pv_encryption_in_transit_enabled": true,
              "network_type": "PARAVIRTUALIZED",
              "remote_data_volume_type": "PARAVIRTUALIZED"
            }
          ],
          "operating_system": "Oracle Linux",
          "operating_system_version": "7.8",
          "size_in_mbs": "47694",
          "state": "AVAILABLE",
          "time_created": "2020-04-20 23:59:00.321 +0000 UTC"
        },
        {
          "agent_features": [],
          "base_image_id": "",
          "compartment_id": "",
          "create_image_allowed": true,
          "defined_tags": {},
          "display_name": "Oracle-Linux-6.10-2020.07.28-0",
          "freeform_tags": {},
          "id": "ocid1.image.oc1.iad.aaaaaaaazfctt3saoidboanmsulmpjv3c37irwuvon3s6urexmbaawkju2yq",
          "image_source_details": [],
          "instance_id": "",
          "launch_mode": "NATIVE",
          "launch_options": [
            {
              "boot_volume_type": "PARAVIRTUALIZED",
              "firmware": "UEFI_64",
              "is_consistent_volume_naming_enabled": true,
              "is_pv_encryption_in_transit_enabled": true,
              "network_type": "PARAVIRTUALIZED",
              "remote_data_volume_type": "PARAVIRTUALIZED"
            }
          ],
          "operating_system": "Oracle Linux",
          "operating_system_version": "6.10",
          "size_in_mbs": "47694",
          "state": "AVAILABLE",
          "time_created": "2020-07-29 17:52:45.736 +0000 UTC"
        },
        {
          "agent_features": [],
          "base_image_id": "",
          "compartment_id": "",
          "create_image_allowed": true,
          "defined_tags": {},
          "display_name": "Oracle-Linux-6.10-2020.06.30-0",
          "freeform_tags": {},
          "id": "ocid1.image.oc1.iad.aaaaaaaapxb7bk2z5peviw5on7poesk6zmu4lht3xkkxhwzbafibqtsukq4q",
          "image_source_details": [],
          "instance_id": "",
          "launch_mode": "NATIVE",
          "launch_options": [
            {
              "boot_volume_type": "PARAVIRTUALIZED",
              "firmware": "UEFI_64",
              "is_consistent_volume_naming_enabled": true,
              "is_pv_encryption_in_transit_enabled": true,
              "network_type": "PARAVIRTUALIZED",
              "remote_data_volume_type": "PARAVIRTUALIZED"
            }
          ],
          "operating_system": "Oracle Linux",
          "operating_system_version": "6.10",
          "size_in_mbs": "47694",
          "state": "AVAILABLE",
          "time_created": "2020-06-30 22:59:21.725 +0000 UTC"
        },
        {
          "agent_features": [],
          "base_image_id": "",
          "compartment_id": "",
          "create_image_allowed": true,
          "defined_tags": {},
          "display_name": "Oracle-Linux-6.10-2020.05.26-0",
          "freeform_tags": {},
          "id": "ocid1.image.oc1.iad.aaaaaaaamnhodfahbu6464i3dcv54pjk6za4n5egskfsbzdm7cdowkitoyoq",
          "image_source_details": [],
          "instance_id": "",
          "launch_mode": "NATIVE",
          "launch_options": [
            {
              "boot_volume_type": "PARAVIRTUALIZED",
              "firmware": "UEFI_64",
              "is_consistent_volume_naming_enabled": true,
              "is_pv_encryption_in_transit_enabled": true,
              "network_type": "PARAVIRTUALIZED",
              "remote_data_volume_type": "PARAVIRTUALIZED"
            }
          ],
          "operating_system": "Oracle Linux",
          "operating_system_version": "6.10",
          "size_in_mbs": "47694",
          "state": "AVAILABLE",
          "time_created": "2020-05-28 22:22:22.152 +0000 UTC"
        }
      ],
      "type": [
        "list",
        [
          "object",
          {
            "agent_features": [
              "list",
              [
                "object",
                {
                  "is_management_supported": "bool",
                  "is_monitoring_supported": "bool"
                }
              ]
            ],
            "base_image_id": "string",
            "compartment_id": "string",
            "create_image_allowed": "bool",
            "defined_tags": [
              "map",
              "string"
            ],
            "display_name": "string",
            "freeform_tags": [
              "map",
              "string"
            ],
            "id": "string",
            "image_source_details": [
              "list",
              [
                "object",
                {
                  "bucket_name": "string",
                  "namespace_name": "string",
                  "object_name": "string",
                  "operating_system": "string",
                  "operating_system_version": "string",
                  "source_image_type": "string",
                  "source_type": "string",
                  "source_uri": "string"
                }
              ]
            ],
            "instance_id": "string",
            "launch_mode": "string",
            "launch_options": [
              "list",
              [
                "object",
                {
                  "boot_volume_type": "string",
                  "firmware": "string",
                  "is_consistent_volume_naming_enabled": "bool",
                  "is_pv_encryption_in_transit_enabled": "bool",
                  "network_type": "string",
                  "remote_data_volume_type": "string"
                }
              ]
            ],
            "operating_system": "string",
            "operating_system_version": "string",
            "size_in_mbs": "string",
            "state": "string",
            "time_created": "string"
          }
        ]
      ]
    }
  },
  "resources": [
    {
      "mode": "data",
      "type": "oci_core_images",
      "name": "OEL_images",
      "provider": "provider[\"registry.terraform.io/hashicorp/oci\"]",
      "instances": [
        {
          "schema_version": 0,
          "attributes": {
            "compartment_id": "ocid1.tenancy.oc1..aaaaaaaa6hqeaaiu4j6osmqi3e4e5ncq7e7sa5ydzzd33bquycny3rbxvwpq",
            "display_name": null,
            "filter": null,
            "id": "2020-09-02 07:11:33.907404122 +0000 UTC",
            "images": [
              {
                "agent_features": [],
                "base_image_id": "",
                "compartment_id": "",
                "create_image_allowed": true,
                "defined_tags": {},
                "display_name": "Oracle-Linux-8.2-2020.07.28-0",
                "freeform_tags": {},
                "id": "ocid1.image.oc1.iad.aaaaaaaa7loygdwzmew3hud3bqjyzamzqnz3krpiuhjb3z3u5s3hmmtar6mq",
                "image_source_details": [],
                "instance_id": "",
                "launch_mode": "NATIVE",
                "launch_options": [
                  {
                    "boot_volume_type": "PARAVIRTUALIZED",
                    "firmware": "UEFI_64",
                    "is_consistent_volume_naming_enabled": true,
                    "is_pv_encryption_in_transit_enabled": true,
                    "network_type": "PARAVIRTUALIZED",
                    "remote_data_volume_type": "PARAVIRTUALIZED"
                  }
                ],
                "operating_system": "Oracle Linux",
                "operating_system_version": "8",
                "size_in_mbs": "47694",
                "state": "AVAILABLE",
                "time_created": "2020-07-30 23:25:59.115 +0000 UTC"
              },
              {
                "agent_features": [],
                "base_image_id": "",
                "compartment_id": "",
                "create_image_allowed": true,
                "defined_tags": {},
                "display_name": "Oracle-Linux-7.8-Gen2-GPU-2020.07.28-0",
                "freeform_tags": {},
                "id": "ocid1.image.oc1.iad.aaaaaaaanpytqa77xkkiavvqj7kl624trcdlql7ivk533j7z7bewd73ppvma",
                "image_source_details": [],
                "instance_id": "",
                "launch_mode": "NATIVE",
                "launch_options": [
                  {
                    "boot_volume_type": "PARAVIRTUALIZED",
                    "firmware": "UEFI_64",
                    "is_consistent_volume_naming_enabled": true,
                    "is_pv_encryption_in_transit_enabled": true,
                    "network_type": "PARAVIRTUALIZED",
                    "remote_data_volume_type": "PARAVIRTUALIZED"
                  }
                ],
                "operating_system": "Oracle Linux",
                "operating_system_version": "7.8",
                "size_in_mbs": "47694",
                "state": "AVAILABLE",
                "time_created": "2020-07-29 18:18:37.07 +0000 UTC"
              },
              {
                "agent_features": [],
                "base_image_id": "",
                "compartment_id": "",
                "create_image_allowed": true,
                "defined_tags": {},
                "display_name": "Oracle-Linux-7.8-Gen2-GPU-2020.06.30-0",
                "freeform_tags": {},
                "id": "ocid1.image.oc1.iad.aaaaaaaaqerrgcxb6wfbivekh6ipvdpwdg2gqlh5rwslfghi677o53kuui7a",
                "image_source_details": [],
                "instance_id": "",
                "launch_mode": "NATIVE",
                "launch_options": [
                  {
                    "boot_volume_type": "PARAVIRTUALIZED",
                    "firmware": "UEFI_64",
                    "is_consistent_volume_naming_enabled": true,
                    "is_pv_encryption_in_transit_enabled": true,
                    "network_type": "PARAVIRTUALIZED",
                    "remote_data_volume_type": "PARAVIRTUALIZED"
                  }
                ],
                "operating_system": "Oracle Linux",
                "operating_system_version": "7.8",
                "size_in_mbs": "47694",
                "state": "AVAILABLE",
                "time_created": "2020-06-30 22:58:17.012 +0000 UTC"
              },
              {
                "agent_features": [],
                "base_image_id": "",
                "compartment_id": "",
                "create_image_allowed": true,
                "defined_tags": {},
                "display_name": "Oracle-Linux-7.8-Gen2-GPU-2020.06.09-0",
                "freeform_tags": {},
                "id": "ocid1.image.oc1.iad.aaaaaaaa5nwoe6w4tgzcqajbdvsj5222awziwzvig3nwocstvuwsdqjyctaa",
                "image_source_details": [],
                "instance_id": "",
                "launch_mode": "NATIVE",
                "launch_options": [
                  {
                    "boot_volume_type": "PARAVIRTUALIZED",
                    "firmware": "UEFI_64",
                    "is_consistent_volume_naming_enabled": true,
                    "is_pv_encryption_in_transit_enabled": true,
                    "network_type": "PARAVIRTUALIZED",
                    "remote_data_volume_type": "PARAVIRTUALIZED"
                  }
                ],
                "operating_system": "Oracle Linux",
                "operating_system_version": "7.8",
                "size_in_mbs": "47694",
                "state": "AVAILABLE",
                "time_created": "2020-06-05 23:12:35.345 +0000 UTC"
              },
              {
                "agent_features": [],
                "base_image_id": "",
                "compartment_id": "",
                "create_image_allowed": true,
                "defined_tags": {},
                "display_name": "Oracle-Linux-7.8-Gen2-GPU-2020.05.26-0",
                "freeform_tags": {},
                "id": "ocid1.image.oc1.iad.aaaaaaaanicu6jwa44r4irsh5gdczpcwenttzltsxjns5uummqvs2eouipoa",
                "image_source_details": [],
                "instance_id": "",
                "launch_mode": "NATIVE",
                "launch_options": [
                  {
                    "boot_volume_type": "PARAVIRTUALIZED",
                    "firmware": "UEFI_64",
                    "is_consistent_volume_naming_enabled": true,
                    "is_pv_encryption_in_transit_enabled": true,
                    "network_type": "PARAVIRTUALIZED",
                    "remote_data_volume_type": "PARAVIRTUALIZED"
                  }
                ],
                "operating_system": "Oracle Linux",
                "operating_system_version": "7.8",
                "size_in_mbs": "47694",
                "state": "AVAILABLE",
                "time_created": "2020-05-28 23:06:15.472 +0000 UTC"
              },
              {
                "agent_features": [],
                "base_image_id": "",
                "compartment_id": "",
                "create_image_allowed": true,
                "defined_tags": {},
                "display_name": "Oracle-Linux-7.8-2020.07.28-0",
                "freeform_tags": {},
                "id": "ocid1.image.oc1.iad.aaaaaaaakcggae4tjdluuizz2if7zivhk2ch47yiqyrrhr7qgygchu7ddyla",
                "image_source_details": [],
                "instance_id": "",
                "launch_mode": "NATIVE",
                "launch_options": [
                  {
                    "boot_volume_type": "PARAVIRTUALIZED",
                    "firmware": "UEFI_64",
                    "is_consistent_volume_naming_enabled": true,
                    "is_pv_encryption_in_transit_enabled": true,
                    "network_type": "PARAVIRTUALIZED",
                    "remote_data_volume_type": "PARAVIRTUALIZED"
                  }
                ],
                "operating_system": "Oracle Linux",
                "operating_system_version": "7.8",
                "size_in_mbs": "47694",
                "state": "AVAILABLE",
                "time_created": "2020-07-29 17:49:49.501 +0000 UTC"
              },
              {
                "agent_features": [],
                "base_image_id": "",
                "compartment_id": "",
                "create_image_allowed": true,
                "defined_tags": {},
                "display_name": "Oracle-Linux-7.8-2020.06.30-0",
                "freeform_tags": {},
                "id": "ocid1.image.oc1.iad.aaaaaaaabip6l5i5ikqsnm64xwrw2rrkj3tzo2dv47frowlt3droliwpvfaa",
                "image_source_details": [],
                "instance_id": "",
                "launch_mode": "NATIVE",
                "launch_options": [
                  {
                    "boot_volume_type": "PARAVIRTUALIZED",
                    "firmware": "UEFI_64",
                    "is_consistent_volume_naming_enabled": true,
                    "is_pv_encryption_in_transit_enabled": true,
                    "network_type": "PARAVIRTUALIZED",
                    "remote_data_volume_type": "PARAVIRTUALIZED"
                  }
                ],
                "operating_system": "Oracle Linux",
                "operating_system_version": "7.8",
                "size_in_mbs": "47694",
                "state": "AVAILABLE",
                "time_created": "2020-06-30 23:00:16.448 +0000 UTC"
              },
              {
                "agent_features": [],
                "base_image_id": "",
                "compartment_id": "",
                "create_image_allowed": true,
                "defined_tags": {},
                "display_name": "Oracle-Linux-7.8-2020.06.09-0",
                "freeform_tags": {},
                "id": "ocid1.image.oc1.iad.aaaaaaaajqf67o4fvwpievx2sdjsu5dpgiholpqrjykfvfhccn4qnqmswwpq",
                "image_source_details": [],
                "instance_id": "",
                "launch_mode": "NATIVE",
                "launch_options": [
                  {
                    "boot_volume_type": "PARAVIRTUALIZED",
                    "firmware": "UEFI_64",
                    "is_consistent_volume_naming_enabled": true,
                    "is_pv_encryption_in_transit_enabled": true,
                    "network_type": "PARAVIRTUALIZED",
                    "remote_data_volume_type": "PARAVIRTUALIZED"
                  }
                ],
                "operating_system": "Oracle Linux",
                "operating_system_version": "7.8",
                "size_in_mbs": "47694",
                "state": "AVAILABLE",
                "time_created": "2020-06-05 23:13:00.253 +0000 UTC"
              },
              {
                "agent_features": [],
                "base_image_id": "",
                "compartment_id": "",
                "create_image_allowed": true,
                "defined_tags": {},
                "display_name": "Oracle-Linux-7.8-2020.05.26-0",
                "freeform_tags": {},
                "id": "ocid1.image.oc1.iad.aaaaaaaashyy2whsxs65paokuhg5uyjjqq3x54tnix5all4jjxzvdlz6kltq",
                "image_source_details": [],
                "instance_id": "",
                "launch_mode": "NATIVE",
                "launch_options": [
                  {
                    "boot_volume_type": "PARAVIRTUALIZED",
                    "firmware": "UEFI_64",
                    "is_consistent_volume_naming_enabled": true,
                    "is_pv_encryption_in_transit_enabled": true,
                    "network_type": "PARAVIRTUALIZED",
                    "remote_data_volume_type": "PARAVIRTUALIZED"
                  }
                ],
                "operating_system": "Oracle Linux",
                "operating_system_version": "7.8",
                "size_in_mbs": "47694",
                "state": "AVAILABLE",
                "time_created": "2020-05-28 22:54:17.631 +0000 UTC"
              },
              {
                "agent_features": [],
                "base_image_id": "",
                "compartment_id": "",
                "create_image_allowed": true,
                "defined_tags": {},
                "display_name": "Oracle-Linux-7.8-2020.04.17-0",
                "freeform_tags": {},
                "id": "ocid1.image.oc1.iad.aaaaaaaahjkmmew2pjrcpylaf6zdddtom6xjnazwptervti35keqd4fdylca",
                "image_source_details": [],
                "instance_id": "",
                "launch_mode": "NATIVE",
                "launch_options": [
                  {
                    "boot_volume_type": "PARAVIRTUALIZED",
                    "firmware": "UEFI_64",
                    "is_consistent_volume_naming_enabled": true,
                    "is_pv_encryption_in_transit_enabled": true,
                    "network_type": "PARAVIRTUALIZED",
                    "remote_data_volume_type": "PARAVIRTUALIZED"
                  }
                ],
                "operating_system": "Oracle Linux",
                "operating_system_version": "7.8",
                "size_in_mbs": "47694",
                "state": "AVAILABLE",
                "time_created": "2020-04-20 23:59:00.321 +0000 UTC"
              },
              {
                "agent_features": [],
                "base_image_id": "",
                "compartment_id": "",
                "create_image_allowed": true,
                "defined_tags": {},
                "display_name": "Oracle-Linux-6.10-2020.07.28-0",
                "freeform_tags": {},
                "id": "ocid1.image.oc1.iad.aaaaaaaazfctt3saoidboanmsulmpjv3c37irwuvon3s6urexmbaawkju2yq",
                "image_source_details": [],
                "instance_id": "",
                "launch_mode": "NATIVE",
                "launch_options": [
                  {
                    "boot_volume_type": "PARAVIRTUALIZED",
                    "firmware": "UEFI_64",
                    "is_consistent_volume_naming_enabled": true,
                    "is_pv_encryption_in_transit_enabled": true,
                    "network_type": "PARAVIRTUALIZED",
                    "remote_data_volume_type": "PARAVIRTUALIZED"
                  }
                ],
                "operating_system": "Oracle Linux",
                "operating_system_version": "6.10",
                "size_in_mbs": "47694",
                "state": "AVAILABLE",
                "time_created": "2020-07-29 17:52:45.736 +0000 UTC"
              },
              {
                "agent_features": [],
                "base_image_id": "",
                "compartment_id": "",
                "create_image_allowed": true,
                "defined_tags": {},
                "display_name": "Oracle-Linux-6.10-2020.06.30-0",
                "freeform_tags": {},
                "id": "ocid1.image.oc1.iad.aaaaaaaapxb7bk2z5peviw5on7poesk6zmu4lht3xkkxhwzbafibqtsukq4q",
                "image_source_details": [],
                "instance_id": "",
                "launch_mode": "NATIVE",
                "launch_options": [
                  {
                    "boot_volume_type": "PARAVIRTUALIZED",
                    "firmware": "UEFI_64",
                    "is_consistent_volume_naming_enabled": true,
                    "is_pv_encryption_in_transit_enabled": true,
                    "network_type": "PARAVIRTUALIZED",
                    "remote_data_volume_type": "PARAVIRTUALIZED"
                  }
                ],
                "operating_system": "Oracle Linux",
                "operating_system_version": "6.10",
                "size_in_mbs": "47694",
                "state": "AVAILABLE",
                "time_created": "2020-06-30 22:59:21.725 +0000 UTC"
              },
              {
                "agent_features": [],
                "base_image_id": "",
                "compartment_id": "",
                "create_image_allowed": true,
                "defined_tags": {},
                "display_name": "Oracle-Linux-6.10-2020.05.26-0",
                "freeform_tags": {},
                "id": "ocid1.image.oc1.iad.aaaaaaaamnhodfahbu6464i3dcv54pjk6za4n5egskfsbzdm7cdowkitoyoq",
                "image_source_details": [],
                "instance_id": "",
                "launch_mode": "NATIVE",
                "launch_options": [
                  {
                    "boot_volume_type": "PARAVIRTUALIZED",
                    "firmware": "UEFI_64",
                    "is_consistent_volume_naming_enabled": true,
                    "is_pv_encryption_in_transit_enabled": true,
                    "network_type": "PARAVIRTUALIZED",
                    "remote_data_volume_type": "PARAVIRTUALIZED"
                  }
                ],
                "operating_system": "Oracle Linux",
                "operating_system_version": "6.10",
                "size_in_mbs": "47694",
                "state": "AVAILABLE",
                "time_created": "2020-05-28 22:22:22.152 +0000 UTC"
              }
            ],
            "operating_system": "Oracle Linux",
            "operating_system_version": null,
            "shape": null,
            "sort_by": null,
            "sort_order": null,
            "state": null
          }
        }
      ]
    },
    {
      "mode": "data",
      "type": "oci_core_images",
      "name": "oel",
      "provider": "provider[\"registry.terraform.io/hashicorp/oci\"]",
      "instances": [
        {
          "schema_version": 0,
          "attributes": {
            "compartment_id": "ocid1.tenancy.oc1..aaaaaaaa6hqeaaiu4j6osmqi3e4e5ncq7e7sa5ydzzd33bquycny3rbxvwpq",
            "display_name": null,
            "filter": null,
            "id": "2020-09-02 07:11:33.939637202 +0000 UTC",
            "images": [
              {
                "agent_features": [],
                "base_image_id": "",
                "compartment_id": "",
                "create_image_allowed": true,
                "defined_tags": {},
                "display_name": "Oracle-Linux-8.2-2020.07.28-0",
                "freeform_tags": {},
                "id": "ocid1.image.oc1.iad.aaaaaaaa7loygdwzmew3hud3bqjyzamzqnz3krpiuhjb3z3u5s3hmmtar6mq",
                "image_source_details": [],
                "instance_id": "",
                "launch_mode": "NATIVE",
                "launch_options": [
                  {
                    "boot_volume_type": "PARAVIRTUALIZED",
                    "firmware": "UEFI_64",
                    "is_consistent_volume_naming_enabled": true,
                    "is_pv_encryption_in_transit_enabled": true,
                    "network_type": "PARAVIRTUALIZED",
                    "remote_data_volume_type": "PARAVIRTUALIZED"
                  }
                ],
                "operating_system": "Oracle Linux",
                "operating_system_version": "8",
                "size_in_mbs": "47694",
                "state": "AVAILABLE",
                "time_created": "2020-07-30 23:25:59.115 +0000 UTC"
              },
              {
                "agent_features": [],
                "base_image_id": "",
                "compartment_id": "",
                "create_image_allowed": true,
                "defined_tags": {},
                "display_name": "Oracle-Linux-7.8-Gen2-GPU-2020.07.28-0",
                "freeform_tags": {},
                "id": "ocid1.image.oc1.iad.aaaaaaaanpytqa77xkkiavvqj7kl624trcdlql7ivk533j7z7bewd73ppvma",
                "image_source_details": [],
                "instance_id": "",
                "launch_mode": "NATIVE",
                "launch_options": [
                  {
                    "boot_volume_type": "PARAVIRTUALIZED",
                    "firmware": "UEFI_64",
                    "is_consistent_volume_naming_enabled": true,
                    "is_pv_encryption_in_transit_enabled": true,
                    "network_type": "PARAVIRTUALIZED",
                    "remote_data_volume_type": "PARAVIRTUALIZED"
                  }
                ],
                "operating_system": "Oracle Linux",
                "operating_system_version": "7.8",
                "size_in_mbs": "47694",
                "state": "AVAILABLE",
                "time_created": "2020-07-29 18:18:37.07 +0000 UTC"
              },
              {
                "agent_features": [],
                "base_image_id": "",
                "compartment_id": "",
                "create_image_allowed": true,
                "defined_tags": {},
                "display_name": "Oracle-Linux-7.8-Gen2-GPU-2020.06.30-0",
                "freeform_tags": {},
                "id": "ocid1.image.oc1.iad.aaaaaaaaqerrgcxb6wfbivekh6ipvdpwdg2gqlh5rwslfghi677o53kuui7a",
                "image_source_details": [],
                "instance_id": "",
                "launch_mode": "NATIVE",
                "launch_options": [
                  {
                    "boot_volume_type": "PARAVIRTUALIZED",
                    "firmware": "UEFI_64",
                    "is_consistent_volume_naming_enabled": true,
                    "is_pv_encryption_in_transit_enabled": true,
                    "network_type": "PARAVIRTUALIZED",
                    "remote_data_volume_type": "PARAVIRTUALIZED"
                  }
                ],
                "operating_system": "Oracle Linux",
                "operating_system_version": "7.8",
                "size_in_mbs": "47694",
                "state": "AVAILABLE",
                "time_created": "2020-06-30 22:58:17.012 +0000 UTC"
              },
              {
                "agent_features": [],
                "base_image_id": "",
                "compartment_id": "",
                "create_image_allowed": true,
                "defined_tags": {},
                "display_name": "Oracle-Linux-7.8-Gen2-GPU-2020.06.09-0",
                "freeform_tags": {},
                "id": "ocid1.image.oc1.iad.aaaaaaaa5nwoe6w4tgzcqajbdvsj5222awziwzvig3nwocstvuwsdqjyctaa",
                "image_source_details": [],
                "instance_id": "",
                "launch_mode": "NATIVE",
                "launch_options": [
                  {
                    "boot_volume_type": "PARAVIRTUALIZED",
                    "firmware": "UEFI_64",
                    "is_consistent_volume_naming_enabled": true,
                    "is_pv_encryption_in_transit_enabled": true,
                    "network_type": "PARAVIRTUALIZED",
                    "remote_data_volume_type": "PARAVIRTUALIZED"
                  }
                ],
                "operating_system": "Oracle Linux",
                "operating_system_version": "7.8",
                "size_in_mbs": "47694",
                "state": "AVAILABLE",
                "time_created": "2020-06-05 23:12:35.345 +0000 UTC"
              },
              {
                "agent_features": [],
                "base_image_id": "",
                "compartment_id": "",
                "create_image_allowed": true,
                "defined_tags": {},
                "display_name": "Oracle-Linux-7.8-Gen2-GPU-2020.05.26-0",
                "freeform_tags": {},
                "id": "ocid1.image.oc1.iad.aaaaaaaanicu6jwa44r4irsh5gdczpcwenttzltsxjns5uummqvs2eouipoa",
                "image_source_details": [],
                "instance_id": "",
                "launch_mode": "NATIVE",
                "launch_options": [
                  {
                    "boot_volume_type": "PARAVIRTUALIZED",
                    "firmware": "UEFI_64",
                    "is_consistent_volume_naming_enabled": true,
                    "is_pv_encryption_in_transit_enabled": true,
                    "network_type": "PARAVIRTUALIZED",
                    "remote_data_volume_type": "PARAVIRTUALIZED"
                  }
                ],
                "operating_system": "Oracle Linux",
                "operating_system_version": "7.8",
                "size_in_mbs": "47694",
                "state": "AVAILABLE",
                "time_created": "2020-05-28 23:06:15.472 +0000 UTC"
              },
              {
                "agent_features": [],
                "base_image_id": "",
                "compartment_id": "",
                "create_image_allowed": true,
                "defined_tags": {},
                "display_name": "Oracle-Linux-7.8-2020.07.28-0",
                "freeform_tags": {},
                "id": "ocid1.image.oc1.iad.aaaaaaaakcggae4tjdluuizz2if7zivhk2ch47yiqyrrhr7qgygchu7ddyla",
                "image_source_details": [],
                "instance_id": "",
                "launch_mode": "NATIVE",
                "launch_options": [
                  {
                    "boot_volume_type": "PARAVIRTUALIZED",
                    "firmware": "UEFI_64",
                    "is_consistent_volume_naming_enabled": true,
                    "is_pv_encryption_in_transit_enabled": true,
                    "network_type": "PARAVIRTUALIZED",
                    "remote_data_volume_type": "PARAVIRTUALIZED"
                  }
                ],
                "operating_system": "Oracle Linux",
                "operating_system_version": "7.8",
                "size_in_mbs": "47694",
                "state": "AVAILABLE",
                "time_created": "2020-07-29 17:49:49.501 +0000 UTC"
              },
              {
                "agent_features": [],
                "base_image_id": "",
                "compartment_id": "",
                "create_image_allowed": true,
                "defined_tags": {},
                "display_name": "Oracle-Linux-7.8-2020.06.30-0",
                "freeform_tags": {},
                "id": "ocid1.image.oc1.iad.aaaaaaaabip6l5i5ikqsnm64xwrw2rrkj3tzo2dv47frowlt3droliwpvfaa",
                "image_source_details": [],
                "instance_id": "",
                "launch_mode": "NATIVE",
                "launch_options": [
                  {
                    "boot_volume_type": "PARAVIRTUALIZED",
                    "firmware": "UEFI_64",
                    "is_consistent_volume_naming_enabled": true,
                    "is_pv_encryption_in_transit_enabled": true,
                    "network_type": "PARAVIRTUALIZED",
                    "remote_data_volume_type": "PARAVIRTUALIZED"
                  }
                ],
                "operating_system": "Oracle Linux",
                "operating_system_version": "7.8",
                "size_in_mbs": "47694",
                "state": "AVAILABLE",
                "time_created": "2020-06-30 23:00:16.448 +0000 UTC"
              },
              {
                "agent_features": [],
                "base_image_id": "",
                "compartment_id": "",
                "create_image_allowed": true,
                "defined_tags": {},
                "display_name": "Oracle-Linux-7.8-2020.06.09-0",
                "freeform_tags": {},
                "id": "ocid1.image.oc1.iad.aaaaaaaajqf67o4fvwpievx2sdjsu5dpgiholpqrjykfvfhccn4qnqmswwpq",
                "image_source_details": [],
                "instance_id": "",
                "launch_mode": "NATIVE",
                "launch_options": [
                  {
                    "boot_volume_type": "PARAVIRTUALIZED",
                    "firmware": "UEFI_64",
                    "is_consistent_volume_naming_enabled": true,
                    "is_pv_encryption_in_transit_enabled": true,
                    "network_type": "PARAVIRTUALIZED",
                    "remote_data_volume_type": "PARAVIRTUALIZED"
                  }
                ],
                "operating_system": "Oracle Linux",
                "operating_system_version": "7.8",
                "size_in_mbs": "47694",
                "state": "AVAILABLE",
                "time_created": "2020-06-05 23:13:00.253 +0000 UTC"
              },
              {
                "agent_features": [],
                "base_image_id": "",
                "compartment_id": "",
                "create_image_allowed": true,
                "defined_tags": {},
                "display_name": "Oracle-Linux-7.8-2020.05.26-0",
                "freeform_tags": {},
                "id": "ocid1.image.oc1.iad.aaaaaaaashyy2whsxs65paokuhg5uyjjqq3x54tnix5all4jjxzvdlz6kltq",
                "image_source_details": [],
                "instance_id": "",
                "launch_mode": "NATIVE",
                "launch_options": [
                  {
                    "boot_volume_type": "PARAVIRTUALIZED",
                    "firmware": "UEFI_64",
                    "is_consistent_volume_naming_enabled": true,
                    "is_pv_encryption_in_transit_enabled": true,
                    "network_type": "PARAVIRTUALIZED",
                    "remote_data_volume_type": "PARAVIRTUALIZED"
                  }
                ],
                "operating_system": "Oracle Linux",
                "operating_system_version": "7.8",
                "size_in_mbs": "47694",
                "state": "AVAILABLE",
                "time_created": "2020-05-28 22:54:17.631 +0000 UTC"
              },
              {
                "agent_features": [],
                "base_image_id": "",
                "compartment_id": "",
                "create_image_allowed": true,
                "defined_tags": {},
                "display_name": "Oracle-Linux-7.8-2020.04.17-0",
                "freeform_tags": {},
                "id": "ocid1.image.oc1.iad.aaaaaaaahjkmmew2pjrcpylaf6zdddtom6xjnazwptervti35keqd4fdylca",
                "image_source_details": [],
                "instance_id": "",
                "launch_mode": "NATIVE",
                "launch_options": [
                  {
                    "boot_volume_type": "PARAVIRTUALIZED",
                    "firmware": "UEFI_64",
                    "is_consistent_volume_naming_enabled": true,
                    "is_pv_encryption_in_transit_enabled": true,
                    "network_type": "PARAVIRTUALIZED",
                    "remote_data_volume_type": "PARAVIRTUALIZED"
                  }
                ],
                "operating_system": "Oracle Linux",
                "operating_system_version": "7.8",
                "size_in_mbs": "47694",
                "state": "AVAILABLE",
                "time_created": "2020-04-20 23:59:00.321 +0000 UTC"
              },
              {
                "agent_features": [],
                "base_image_id": "",
                "compartment_id": "",
                "create_image_allowed": true,
                "defined_tags": {},
                "display_name": "Oracle-Linux-6.10-2020.07.28-0",
                "freeform_tags": {},
                "id": "ocid1.image.oc1.iad.aaaaaaaazfctt3saoidboanmsulmpjv3c37irwuvon3s6urexmbaawkju2yq",
                "image_source_details": [],
                "instance_id": "",
                "launch_mode": "NATIVE",
                "launch_options": [
                  {
                    "boot_volume_type": "PARAVIRTUALIZED",
                    "firmware": "UEFI_64",
                    "is_consistent_volume_naming_enabled": true,
                    "is_pv_encryption_in_transit_enabled": true,
                    "network_type": "PARAVIRTUALIZED",
                    "remote_data_volume_type": "PARAVIRTUALIZED"
                  }
                ],
                "operating_system": "Oracle Linux",
                "operating_system_version": "6.10",
                "size_in_mbs": "47694",
                "state": "AVAILABLE",
                "time_created": "2020-07-29 17:52:45.736 +0000 UTC"
              },
              {
                "agent_features": [],
                "base_image_id": "",
                "compartment_id": "",
                "create_image_allowed": true,
                "defined_tags": {},
                "display_name": "Oracle-Linux-6.10-2020.06.30-0",
                "freeform_tags": {},
                "id": "ocid1.image.oc1.iad.aaaaaaaapxb7bk2z5peviw5on7poesk6zmu4lht3xkkxhwzbafibqtsukq4q",
                "image_source_details": [],
                "instance_id": "",
                "launch_mode": "NATIVE",
                "launch_options": [
                  {
                    "boot_volume_type": "PARAVIRTUALIZED",
                    "firmware": "UEFI_64",
                    "is_consistent_volume_naming_enabled": true,
                    "is_pv_encryption_in_transit_enabled": true,
                    "network_type": "PARAVIRTUALIZED",
                    "remote_data_volume_type": "PARAVIRTUALIZED"
                  }
                ],
                "operating_system": "Oracle Linux",
                "operating_system_version": "6.10",
                "size_in_mbs": "47694",
                "state": "AVAILABLE",
                "time_created": "2020-06-30 22:59:21.725 +0000 UTC"
              },
              {
                "agent_features": [],
                "base_image_id": "",
                "compartment_id": "",
                "create_image_allowed": true,
                "defined_tags": {},
                "display_name": "Oracle-Linux-6.10-2020.05.26-0",
                "freeform_tags": {},
                "id": "ocid1.image.oc1.iad.aaaaaaaamnhodfahbu6464i3dcv54pjk6za4n5egskfsbzdm7cdowkitoyoq",
                "image_source_details": [],
                "instance_id": "",
                "launch_mode": "NATIVE",
                "launch_options": [
                  {
                    "boot_volume_type": "PARAVIRTUALIZED",
                    "firmware": "UEFI_64",
                    "is_consistent_volume_naming_enabled": true,
                    "is_pv_encryption_in_transit_enabled": true,
                    "network_type": "PARAVIRTUALIZED",
                    "remote_data_volume_type": "PARAVIRTUALIZED"
                  }
                ],
                "operating_system": "Oracle Linux",
                "operating_system_version": "6.10",
                "size_in_mbs": "47694",
                "state": "AVAILABLE",
                "time_created": "2020-05-28 22:22:22.152 +0000 UTC"
              }
            ],
            "operating_system": "Oracle Linux",
            "operating_system_version": null,
            "shape": null,
            "sort_by": null,
            "sort_order": null,
            "state": null
          }
        }
      ]
    },
    {
      "mode": "data",
      "type": "oci_identity_availability_domains",
      "name": "ads",
      "provider": "provider[\"registry.terraform.io/hashicorp/oci\"]",
      "instances": [
        {
          "schema_version": 0,
          "attributes": {
            "availability_domains": [
              {
                "compartment_id": "ocid1.tenancy.oc1..aaaaaaaa6hqeaaiu4j6osmqi3e4e5ncq7e7sa5ydzzd33bquycny3rbxvwpq",
                "id": "ocid1.availabilitydomain.oc1..aaaaaaaauvt2n7pijol7uqgdnnsoojcukrijtmcltvfwxazmitk235wyohta",
                "name": "HKve:US-ASHBURN-AD-1"
              },
              {
                "compartment_id": "ocid1.tenancy.oc1..aaaaaaaa6hqeaaiu4j6osmqi3e4e5ncq7e7sa5ydzzd33bquycny3rbxvwpq",
                "id": "ocid1.availabilitydomain.oc1..aaaaaaaaztunlny6ae4yw2vghp5go2zceaonwp6wiioe3tnh2vlaxjjl2n3a",
                "name": "HKve:US-ASHBURN-AD-2"
              },
              {
                "compartment_id": "ocid1.tenancy.oc1..aaaaaaaa6hqeaaiu4j6osmqi3e4e5ncq7e7sa5ydzzd33bquycny3rbxvwpq",
                "id": "ocid1.availabilitydomain.oc1..aaaaaaaatrwxaogr7dl4yschqtrmqrdv6uzis3mgbnomiagqrfhcb7mxsfdq",
                "name": "HKve:US-ASHBURN-AD-3"
              }
            ],
            "compartment_id": "ocid1.tenancy.oc1..aaaaaaaa6hqeaaiu4j6osmqi3e4e5ncq7e7sa5ydzzd33bquycny3rbxvwpq",
            "filter": null,
            "id": "2020-09-02 07:11:34.044302065 +0000 UTC"
          }
        }
      ]
    },
    {
      "mode": "managed",
      "type": "oci_core_instance",
      "name": "mediawiki_vm",
      "provider": "provider[\"registry.terraform.io/hashicorp/oci\"]",
      "instances": []
    },
    {
      "mode": "managed",
      "type": "oci_core_internet_gateway",
      "name": "mediawiki_igw",
      "provider": "provider[\"registry.terraform.io/hashicorp/oci\"]",
      "instances": [
        {
          "schema_version": 0,
          "attributes": {
            "compartment_id": "ocid1.compartment.oc1..aaaaaaaa4xosvfl2h2lu3qsay7sx5eh7yvg7gt7lg456tffupqggnqbxm3ea",
            "defined_tags": {
              "Oracle-Tags.CreatedBy": "99555784-lab.user01",
              "Oracle-Tags.CreatedOn": "2020-09-02T07:11:34.891Z"
            },
            "display_name": "mediawiki-igw",
            "enabled": true,
            "freeform_tags": {},
            "id": "ocid1.internetgateway.oc1.iad.aaaaaaaa57n4gtzqwybsyifskghiwd6kfssh7knhfor5wteqfnjp6mbjlqxa",
            "state": "AVAILABLE",
            "time_created": "2020-09-02 07:11:34.94 +0000 UTC",
            "timeouts": null,
            "vcn_id": "ocid1.vcn.oc1.iad.amaaaaaalwlrxmyaf6ynjxjcfzufamoakmlmmu2dovl3kxfe3mljdztzhtva"
          },
          "private": "eyJlMmJmYjczMC1lY2FhLTExZTYtOGY4OC0zNDM2M2JjN2M0YzAiOnsiY3JlYXRlIjo5MDAwMDAwMDAwMDAsImRlbGV0ZSI6OTAwMDAwMDAwMDAwLCJ1cGRhdGUiOjkwMDAwMDAwMDAwMH19",
          "dependencies": [
            "oci_core_virtual_network.mediawiki_vcn"
          ]
        }
      ]
    },
    {
      "mode": "managed",
      "type": "oci_core_route_table",
      "name": "mediawiki_rt",
      "provider": "provider[\"registry.terraform.io/hashicorp/oci\"]",
      "instances": [
        {
          "schema_version": 0,
          "attributes": {
            "compartment_id": "ocid1.compartment.oc1..aaaaaaaa4xosvfl2h2lu3qsay7sx5eh7yvg7gt7lg456tffupqggnqbxm3ea",
            "defined_tags": {
              "Oracle-Tags.CreatedBy": "99555784-lab.user01",
              "Oracle-Tags.CreatedOn": "2020-09-02T07:11:35.096Z"
            },
            "display_name": "mediawiki-rt",
            "freeform_tags": {},
            "id": "ocid1.routetable.oc1.iad.aaaaaaaarbbcwz25c2l5e64d7qbzwivybjzaeju475uhvcgyfxb5j52dlpya",
            "route_rules": [
              {
                "cidr_block": "",
                "description": "",
                "destination": "0.0.0.0/0",
                "destination_type": "CIDR_BLOCK",
                "network_entity_id": "ocid1.internetgateway.oc1.iad.aaaaaaaa57n4gtzqwybsyifskghiwd6kfssh7knhfor5wteqfnjp6mbjlqxa"
              }
            ],
            "state": "AVAILABLE",
            "time_created": "2020-09-02 07:11:35.123 +0000 UTC",
            "timeouts": null,
            "vcn_id": "ocid1.vcn.oc1.iad.amaaaaaalwlrxmyaf6ynjxjcfzufamoakmlmmu2dovl3kxfe3mljdztzhtva"
          },
          "private": "eyJlMmJmYjczMC1lY2FhLTExZTYtOGY4OC0zNDM2M2JjN2M0YzAiOnsiY3JlYXRlIjo5MDAwMDAwMDAwMDAsImRlbGV0ZSI6OTAwMDAwMDAwMDAwLCJ1cGRhdGUiOjkwMDAwMDAwMDAwMH19",
          "dependencies": [
            "oci_core_internet_gateway.mediawiki_igw",
            "oci_core_virtual_network.mediawiki_vcn"
          ]
        }
      ]
    },
    {
      "mode": "managed",
      "type": "oci_core_security_list",
      "name": "mediawiki_sl",
      "provider": "provider[\"registry.terraform.io/hashicorp/oci\"]",
      "instances": [
        {
          "schema_version": 0,
          "attributes": {
            "compartment_id": "ocid1.compartment.oc1..aaaaaaaa4xosvfl2h2lu3qsay7sx5eh7yvg7gt7lg456tffupqggnqbxm3ea",
            "defined_tags": {
              "Oracle-Tags.CreatedBy": "99555784-lab.user01",
              "Oracle-Tags.CreatedOn": "2020-09-02T07:11:34.929Z"
            },
            "display_name": "mediawiki-sl",
            "egress_security_rules": [
              {
                "description": "",
                "destination": "0.0.0.0/0",
                "destination_type": "CIDR_BLOCK",
                "icmp_options": [],
                "protocol": "all",
                "stateless": false,
                "tcp_options": [],
                "udp_options": []
              }
            ],
            "freeform_tags": {},
            "id": "ocid1.securitylist.oc1.iad.aaaaaaaazcakss2zhqd6wrwrphzf7fdcjm2s32utorex7xkwrdvhtur3a4ya",
            "ingress_security_rules": [
              {
                "description": "",
                "icmp_options": [],
                "protocol": "6",
                "source": "0.0.0.0/0",
                "source_type": "CIDR_BLOCK",
                "stateless": false,
                "tcp_options": [],
                "udp_options": []
              }
            ],
            "state": "AVAILABLE",
            "time_created": "2020-09-02 07:11:34.957 +0000 UTC",
            "timeouts": null,
            "vcn_id": "ocid1.vcn.oc1.iad.amaaaaaalwlrxmyaf6ynjxjcfzufamoakmlmmu2dovl3kxfe3mljdztzhtva"
          },
          "private": "eyJlMmJmYjczMC1lY2FhLTExZTYtOGY4OC0zNDM2M2JjN2M0YzAiOnsiY3JlYXRlIjo5MDAwMDAwMDAwMDAsImRlbGV0ZSI6OTAwMDAwMDAwMDAwLCJ1cGRhdGUiOjkwMDAwMDAwMDAwMH19",
          "dependencies": [
            "oci_core_virtual_network.mediawiki_vcn"
          ]
        }
      ]
    },
    {
      "mode": "managed",
      "type": "oci_core_subnet",
      "name": "mediawiki_subnet",
      "provider": "provider[\"registry.terraform.io/hashicorp/oci\"]",
      "instances": [
        {
          "schema_version": 0,
          "attributes": {
            "availability_domain": "HKve:US-ASHBURN-AD-1",
            "cidr_block": "192.168.10.0/30",
            "compartment_id": "ocid1.compartment.oc1..aaaaaaaa4xosvfl2h2lu3qsay7sx5eh7yvg7gt7lg456tffupqggnqbxm3ea",
            "defined_tags": {
              "Oracle-Tags.CreatedBy": "99555784-lab.user01",
              "Oracle-Tags.CreatedOn": "2020-09-02T07:11:35.426Z"
            },
            "dhcp_options_id": "ocid1.dhcpoptions.oc1.iad.aaaaaaaaogryglwcadqsusxzaot7hg3jlaagpbtpat7saflef2gbuo527w2a",
            "display_name": "mediawiki-subnet",
            "dns_label": "mediawikisubnet",
            "freeform_tags": {},
            "id": "ocid1.subnet.oc1.iad.aaaaaaaa6ylxs7fvv4gy3of3qsr3s7zfk7ptlfqdnypztpojwjlvr7hofdva",
            "ipv6cidr_block": null,
            "ipv6public_cidr_block": null,
            "ipv6virtual_router_ip": null,
            "prohibit_public_ip_on_vnic": false,
            "route_table_id": "ocid1.routetable.oc1.iad.aaaaaaaarbbcwz25c2l5e64d7qbzwivybjzaeju475uhvcgyfxb5j52dlpya",
            "security_list_ids": [
              "ocid1.securitylist.oc1.iad.aaaaaaaazcakss2zhqd6wrwrphzf7fdcjm2s32utorex7xkwrdvhtur3a4ya"
            ],
            "state": "AVAILABLE",
            "subnet_domain_name": "mediawikisubnet.mediawiki.oraclevcn.com",
            "time_created": "2020-09-02 07:11:35.482 +0000 UTC",
            "timeouts": null,
            "vcn_id": "ocid1.vcn.oc1.iad.amaaaaaalwlrxmyaf6ynjxjcfzufamoakmlmmu2dovl3kxfe3mljdztzhtva",
            "virtual_router_ip": "192.168.10.1",
            "virtual_router_mac": "00:00:17:AB:50:14"
          },
          "private": "eyJlMmJmYjczMC1lY2FhLTExZTYtOGY4OC0zNDM2M2JjN2M0YzAiOnsiY3JlYXRlIjo5MDAwMDAwMDAwMDAsImRlbGV0ZSI6OTAwMDAwMDAwMDAwLCJ1cGRhdGUiOjkwMDAwMDAwMDAwMH19",
          "dependencies": [
            "data.oci_identity_availability_domains.ads",
            "oci_core_internet_gateway.mediawiki_igw",
            "oci_core_route_table.mediawiki_rt",
            "oci_core_security_list.mediawiki_sl",
            "oci_core_virtual_network.mediawiki_vcn"
          ]
        }
      ]
    },
    {
      "mode": "managed",
      "type": "oci_core_virtual_network",
      "name": "mediawiki_vcn",
      "provider": "provider[\"registry.terraform.io/hashicorp/oci\"]",
      "instances": [
        {
          "schema_version": 0,
          "attributes": {
            "cidr_block": "192.168.10.0/24",
            "compartment_id": "ocid1.compartment.oc1..aaaaaaaa4xosvfl2h2lu3qsay7sx5eh7yvg7gt7lg456tffupqggnqbxm3ea",
            "default_dhcp_options_id": "ocid1.dhcpoptions.oc1.iad.aaaaaaaaogryglwcadqsusxzaot7hg3jlaagpbtpat7saflef2gbuo527w2a",
            "default_route_table_id": "ocid1.routetable.oc1.iad.aaaaaaaafivsqc3ttbta4rbmpfrkthdytsdurnyjq5lifszzsp3yz75suyua",
            "default_security_list_id": "ocid1.securitylist.oc1.iad.aaaaaaaarb2ybvpbfrhxmdf64nrsviim2ilid5nbtv3hq64yvwocqv66baea",
            "defined_tags": {
              "Oracle-Tags.CreatedBy": "99555784-lab.user01",
              "Oracle-Tags.CreatedOn": "2020-09-02T07:11:34.540Z"
            },
            "display_name": "mediawiki-vcn",
            "dns_label": "mediawiki",
            "freeform_tags": {},
            "id": "ocid1.vcn.oc1.iad.amaaaaaalwlrxmyaf6ynjxjcfzufamoakmlmmu2dovl3kxfe3mljdztzhtva",
            "ipv6cidr_block": null,
            "ipv6public_cidr_block": null,
            "is_ipv6enabled": null,
            "state": "AVAILABLE",
            "time_created": "2020-09-02 07:11:34.546 +0000 UTC",
            "timeouts": null,
            "vcn_domain_name": "mediawiki.oraclevcn.com"
          },
          "private": "eyJlMmJmYjczMC1lY2FhLTExZTYtOGY4OC0zNDM2M2JjN2M0YzAiOnsiY3JlYXRlIjo5MDAwMDAwMDAwMDAsImRlbGV0ZSI6OTAwMDAwMDAwMDAwLCJ1cGRhdGUiOjkwMDAwMDAwMDAwMH19"
        }
      ]
    }
  ]
}
