{
  "version": 4,
  "terraform_version": "0.13.0",
  "serial": 125,
  "lineage": "c32f5dcb-cd41-264c-0987-8912396e69f8",
  "outputs": {
    "OEL_images": {
      "value": [
        {
          "agent_features": [],
          "base_image_id": "",
          "compartment_id": "",
          "create_image_allowed": true,
          "defined_tags": {},
          "display_name": "Oracle-Linux-8.2-2020.07.28-0",
          "freeform_tags": {},
          "id": "ocid1.image.oc1.iad.aaaaaaaa7loygdwzmew3hud3bqjyzamzqnz3krpiuhjb3z3u5s3hmmtar6mq",
          "image_source_details": [],
          "instance_id": "",
          "launch_mode": "NATIVE",
          "launch_options": [
            {
              "boot_volume_type": "PARAVIRTUALIZED",
              "firmware": "UEFI_64",
              "is_consistent_volume_naming_enabled": true,
              "is_pv_encryption_in_transit_enabled": true,
              "network_type": "PARAVIRTUALIZED",
              "remote_data_volume_type": "PARAVIRTUALIZED"
            }
          ],
          "operating_system": "Oracle Linux",
          "operating_system_version": "8",
          "size_in_mbs": "47694",
          "state": "AVAILABLE",
          "time_created": "2020-07-30 23:25:59.115 +0000 UTC"
        },
        {
          "agent_features": [],
          "base_image_id": "",
          "compartment_id": "",
          "create_image_allowed": true,
          "defined_tags": {},
          "display_name": "Oracle-Linux-7.8-Gen2-GPU-2020.07.28-0",
          "freeform_tags": {},
          "id": "ocid1.image.oc1.iad.aaaaaaaanpytqa77xkkiavvqj7kl624trcdlql7ivk533j7z7bewd73ppvma",
          "image_source_details": [],
          "instance_id": "",
          "launch_mode": "NATIVE",
          "launch_options": [
            {
              "boot_volume_type": "PARAVIRTUALIZED",
              "firmware": "UEFI_64",
              "is_consistent_volume_naming_enabled": true,
              "is_pv_encryption_in_transit_enabled": true,
              "network_type": "PARAVIRTUALIZED",
              "remote_data_volume_type": "PARAVIRTUALIZED"
            }
          ],
          "operating_system": "Oracle Linux",
          "operating_system_version": "7.8",
          "size_in_mbs": "47694",
          "state": "AVAILABLE",
          "time_created": "2020-07-29 18:18:37.07 +0000 UTC"
        },
        {
          "agent_features": [],
          "base_image_id": "",
          "compartment_id": "",
          "create_image_allowed": true,
          "defined_tags": {},
          "display_name": "Oracle-Linux-7.8-Gen2-GPU-2020.06.30-0",
          "freeform_tags": {},
          "id": "ocid1.image.oc1.iad.aaaaaaaaqerrgcxb6wfbivekh6ipvdpwdg2gqlh5rwslfghi677o53kuui7a",
          "image_source_details": [],
          "instance_id": "",
          "launch_mode": "NATIVE",
          "launch_options": [
            {
              "boot_volume_type": "PARAVIRTUALIZED",
              "firmware": "UEFI_64",
              "is_consistent_volume_naming_enabled": true,
              "is_pv_encryption_in_transit_enabled": true,
              "network_type": "PARAVIRTUALIZED",
              "remote_data_volume_type": "PARAVIRTUALIZED"
            }
          ],
          "operating_system": "Oracle Linux",
          "operating_system_version": "7.8",
          "size_in_mbs": "47694",
          "state": "AVAILABLE",
          "time_created": "2020-06-30 22:58:17.012 +0000 UTC"
        },
        {
          "agent_features": [],
          "base_image_id": "",
          "compartment_id": "",
          "create_image_allowed": true,
          "defined_tags": {},
          "display_name": "Oracle-Linux-7.8-Gen2-GPU-2020.06.09-0",
          "freeform_tags": {},
          "id": "ocid1.image.oc1.iad.aaaaaaaa5nwoe6w4tgzcqajbdvsj5222awziwzvig3nwocstvuwsdqjyctaa",
          "image_source_details": [],
          "instance_id": "",
          "launch_mode": "NATIVE",
          "launch_options": [
            {
              "boot_volume_type": "PARAVIRTUALIZED",
              "firmware": "UEFI_64",
              "is_consistent_volume_naming_enabled": true,
              "is_pv_encryption_in_transit_enabled": true,
              "network_type": "PARAVIRTUALIZED",
              "remote_data_volume_type": "PARAVIRTUALIZED"
            }
          ],
          "operating_system": "Oracle Linux",
          "operating_system_version": "7.8",
          "size_in_mbs": "47694",
          "state": "AVAILABLE",
          "time_created": "2020-06-05 23:12:35.345 +0000 UTC"
        },
        {
          "agent_features": [],
          "base_image_id": "",
          "compartment_id": "",
          "create_image_allowed": true,
          "defined_tags": {},
          "display_name": "Oracle-Linux-7.8-Gen2-GPU-2020.05.26-0",
          "freeform_tags": {},
          "id": "ocid1.image.oc1.iad.aaaaaaaanicu6jwa44r4irsh5gdczpcwenttzltsxjns5uummqvs2eouipoa",
          "image_source_details": [],
          "instance_id": "",
          "launch_mode": "NATIVE",
          "launch_options": [
            {
              "boot_volume_type": "PARAVIRTUALIZED",
              "firmware": "UEFI_64",
              "is_consistent_volume_naming_enabled": true,
              "is_pv_encryption_in_transit_enabled": true,
              "network_type": "PARAVIRTUALIZED",
              "remote_data_volume_type": "PARAVIRTUALIZED"
            }
          ],
          "operating_system": "Oracle Linux",
          "operating_system_version": "7.8",
          "size_in_mbs": "47694",
          "state": "AVAILABLE",
          "time_created": "2020-05-28 23:06:15.472 +0000 UTC"
        },
        {
          "agent_features": [],
          "base_image_id": "",
          "compartment_id": "",
          "create_image_allowed": true,
          "defined_tags": {},
          "display_name": "Oracle-Linux-7.8-2020.07.28-0",
          "freeform_tags": {},
          "id": "ocid1.image.oc1.iad.aaaaaaaakcggae4tjdluuizz2if7zivhk2ch47yiqyrrhr7qgygchu7ddyla",
          "image_source_details": [],
          "instance_id": "",
          "launch_mode": "NATIVE",
          "launch_options": [
            {
              "boot_volume_type": "PARAVIRTUALIZED",
              "firmware": "UEFI_64",
              "is_consistent_volume_naming_enabled": true,
              "is_pv_encryption_in_transit_enabled": true,
              "network_type": "PARAVIRTUALIZED",
              "remote_data_volume_type": "PARAVIRTUALIZED"
            }
          ],
          "operating_system": "Oracle Linux",
          "operating_system_version": "7.8",
          "size_in_mbs": "47694",
          "state": "AVAILABLE",
          "time_created": "2020-07-29 17:49:49.501 +0000 UTC"
        },
        {
          "agent_features": [],
          "base_image_id": "",
          "compartment_id": "",
          "create_image_allowed": true,
          "defined_tags": {},
          "display_name": "Oracle-Linux-7.8-2020.06.30-0",
          "freeform_tags": {},
          "id": "ocid1.image.oc1.iad.aaaaaaaabip6l5i5ikqsnm64xwrw2rrkj3tzo2dv47frowlt3droliwpvfaa",
          "image_source_details": [],
          "instance_id": "",
          "launch_mode": "NATIVE",
          "launch_options": [
            {
              "boot_volume_type": "PARAVIRTUALIZED",
              "firmware": "UEFI_64",
              "is_consistent_volume_naming_enabled": true,
              "is_pv_encryption_in_transit_enabled": true,
              "network_type": "PARAVIRTUALIZED",
              "remote_data_volume_type": "PARAVIRTUALIZED"
            }
          ],
          "operating_system": "Oracle Linux",
          "operating_system_version": "7.8",
          "size_in_mbs": "47694",
          "state": "AVAILABLE",
          "time_created": "2020-06-30 23:00:16.448 +0000 UTC"
        },
        {
          "agent_features": [],
          "base_image_id": "",
          "compartment_id": "",
          "create_image_allowed": true,
          "defined_tags": {},
          "display_name": "Oracle-Linux-7.8-2020.06.09-0",
          "freeform_tags": {},
          "id": "ocid1.image.oc1.iad.aaaaaaaajqf67o4fvwpievx2sdjsu5dpgiholpqrjykfvfhccn4qnqmswwpq",
          "image_source_details": [],
          "instance_id": "",
          "launch_mode": "NATIVE",
          "launch_options": [
            {
              "boot_volume_type": "PARAVIRTUALIZED",
              "firmware": "UEFI_64",
              "is_consistent_volume_naming_enabled": true,
              "is_pv_encryption_in_transit_enabled": true,
              "network_type": "PARAVIRTUALIZED",
              "remote_data_volume_type": "PARAVIRTUALIZED"
            }
          ],
          "operating_system": "Oracle Linux",
          "operating_system_version": "7.8",
          "size_in_mbs": "47694",
          "state": "AVAILABLE",
          "time_created": "2020-06-05 23:13:00.253 +0000 UTC"
        },
        {
          "agent_features": [],
          "base_image_id": "",
          "compartment_id": "",
          "create_image_allowed": true,
          "defined_tags": {},
          "display_name": "Oracle-Linux-7.8-2020.05.26-0",
          "freeform_tags": {},
          "id": "ocid1.image.oc1.iad.aaaaaaaashyy2whsxs65paokuhg5uyjjqq3x54tnix5all4jjxzvdlz6kltq",
          "image_source_details": [],
          "instance_id": "",
          "launch_mode": "NATIVE",
          "launch_options": [
            {
              "boot_volume_type": "PARAVIRTUALIZED",
              "firmware": "UEFI_64",
              "is_consistent_volume_naming_enabled": true,
              "is_pv_encryption_in_transit_enabled": true,
              "network_type": "PARAVIRTUALIZED",
              "remote_data_volume_type": "PARAVIRTUALIZED"
            }
          ],
          "operating_system": "Oracle Linux",
          "operating_system_version": "7.8",
          "size_in_mbs": "47694",
          "state": "AVAILABLE",
          "time_created": "2020-05-28 22:54:17.631 +0000 UTC"
        },
        {
          "agent_features": [],
          "base_image_id": "",
          "compartment_id": "",
          "create_image_allowed": true,
          "defined_tags": {},
          "display_name": "Oracle-Linux-7.8-2020.04.17-0",
          "freeform_tags": {},
          "id": "ocid1.image.oc1.iad.aaaaaaaahjkmmew2pjrcpylaf6zdddtom6xjnazwptervti35keqd4fdylca",
          "image_source_details": [],
          "instance_id": "",
          "launch_mode": "NATIVE",
          "launch_options": [
            {
              "boot_volume_type": "PARAVIRTUALIZED",
              "firmware": "UEFI_64",
              "is_consistent_volume_naming_enabled": true,
              "is_pv_encryption_in_transit_enabled": true,
              "network_type": "PARAVIRTUALIZED",
              "remote_data_volume_type": "PARAVIRTUALIZED"
            }
          ],
          "operating_system": "Oracle Linux",
          "operating_system_version": "7.8",
          "size_in_mbs": "47694",
          "state": "AVAILABLE",
          "time_created": "2020-04-20 23:59:00.321 +0000 UTC"
        },
        {
          "agent_features": [],
          "base_image_id": "",
          "compartment_id": "",
          "create_image_allowed": true,
          "defined_tags": {},
          "display_name": "Oracle-Linux-6.10-2020.07.28-0",
          "freeform_tags": {},
          "id": "ocid1.image.oc1.iad.aaaaaaaazfctt3saoidboanmsulmpjv3c37irwuvon3s6urexmbaawkju2yq",
          "image_source_details": [],
          "instance_id": "",
          "launch_mode": "NATIVE",
          "launch_options": [
            {
              "boot_volume_type": "PARAVIRTUALIZED",
              "firmware": "UEFI_64",
              "is_consistent_volume_naming_enabled": true,
              "is_pv_encryption_in_transit_enabled": true,
              "network_type": "PARAVIRTUALIZED",
              "remote_data_volume_type": "PARAVIRTUALIZED"
            }
          ],
          "operating_system": "Oracle Linux",
          "operating_system_version": "6.10",
          "size_in_mbs": "47694",
          "state": "AVAILABLE",
          "time_created": "2020-07-29 17:52:45.736 +0000 UTC"
        },
        {
          "agent_features": [],
          "base_image_id": "",
          "compartment_id": "",
          "create_image_allowed": true,
          "defined_tags": {},
          "display_name": "Oracle-Linux-6.10-2020.06.30-0",
          "freeform_tags": {},
          "id": "ocid1.image.oc1.iad.aaaaaaaapxb7bk2z5peviw5on7poesk6zmu4lht3xkkxhwzbafibqtsukq4q",
          "image_source_details": [],
          "instance_id": "",
          "launch_mode": "NATIVE",
          "launch_options": [
            {
              "boot_volume_type": "PARAVIRTUALIZED",
              "firmware": "UEFI_64",
              "is_consistent_volume_naming_enabled": true,
              "is_pv_encryption_in_transit_enabled": true,
              "network_type": "PARAVIRTUALIZED",
              "remote_data_volume_type": "PARAVIRTUALIZED"
            }
          ],
          "operating_system": "Oracle Linux",
          "operating_system_version": "6.10",
          "size_in_mbs": "47694",
          "state": "AVAILABLE",
          "time_created": "2020-06-30 22:59:21.725 +0000 UTC"
        },
        {
          "agent_features": [],
          "base_image_id": "",
          "compartment_id": "",
          "create_image_allowed": true,
          "defined_tags": {},
          "display_name": "Oracle-Linux-6.10-2020.05.26-0",
          "freeform_tags": {},
          "id": "ocid1.image.oc1.iad.aaaaaaaamnhodfahbu6464i3dcv54pjk6za4n5egskfsbzdm7cdowkitoyoq",
          "image_source_details": [],
          "instance_id": "",
          "launch_mode": "NATIVE",
          "launch_options": [
            {
              "boot_volume_type": "PARAVIRTUALIZED",
              "firmware": "UEFI_64",
              "is_consistent_volume_naming_enabled": true,
              "is_pv_encryption_in_transit_enabled": true,
              "network_type": "PARAVIRTUALIZED",
              "remote_data_volume_type": "PARAVIRTUALIZED"
            }
          ],
          "operating_system": "Oracle Linux",
          "operating_system_version": "6.10",
          "size_in_mbs": "47694",
          "state": "AVAILABLE",
          "time_created": "2020-05-28 22:22:22.152 +0000 UTC"
        }
      ],
      "type": [
        "list",
        [
          "object",
          {
            "agent_features": [
              "list",
              [
                "object",
                {
                  "is_management_supported": "bool",
                  "is_monitoring_supported": "bool"
                }
              ]
            ],
            "base_image_id": "string",
            "compartment_id": "string",
            "create_image_allowed": "bool",
            "defined_tags": [
              "map",
              "string"
            ],
            "display_name": "string",
            "freeform_tags": [
              "map",
              "string"
            ],
            "id": "string",
            "image_source_details": [
              "list",
              [
                "object",
                {
                  "bucket_name": "string",
                  "namespace_name": "string",
                  "object_name": "string",
                  "operating_system": "string",
                  "operating_system_version": "string",
                  "source_image_type": "string",
                  "source_type": "string",
                  "source_uri": "string"
                }
              ]
            ],
            "instance_id": "string",
            "launch_mode": "string",
            "launch_options": [
              "list",
              [
                "object",
                {
                  "boot_volume_type": "string",
                  "firmware": "string",
                  "is_consistent_volume_naming_enabled": "bool",
                  "is_pv_encryption_in_transit_enabled": "bool",
                  "network_type": "string",
                  "remote_data_volume_type": "string"
                }
              ]
            ],
            "operating_system": "string",
            "operating_system_version": "string",
            "size_in_mbs": "string",
            "state": "string",
            "time_created": "string"
          }
        ]
      ]
    }
  },
  "resources": [
    {
      "mode": "data",
      "type": "oci_core_images",
      "name": "OEL_images",
      "provider": "provider[\"registry.terraform.io/hashicorp/oci\"]",
      "instances": [
        {
          "schema_version": 0,
          "attributes": {
            "compartment_id": "ocid1.tenancy.oc1..aaaaaaaa6hqeaaiu4j6osmqi3e4e5ncq7e7sa5ydzzd33bquycny3rbxvwpq",
            "display_name": null,
            "filter": null,
            "id": "2020-08-21 10:16:32.25297906 +0000 UTC",
            "images": [
              {
                "agent_features": [],
                "base_image_id": "",
                "compartment_id": "",
                "create_image_allowed": true,
                "defined_tags": {},
                "display_name": "Oracle-Linux-8.2-2020.07.28-0",
                "freeform_tags": {},
                "id": "ocid1.image.oc1.iad.aaaaaaaa7loygdwzmew3hud3bqjyzamzqnz3krpiuhjb3z3u5s3hmmtar6mq",
                "image_source_details": [],
                "instance_id": "",
                "launch_mode": "NATIVE",
                "launch_options": [
                  {
                    "boot_volume_type": "PARAVIRTUALIZED",
                    "firmware": "UEFI_64",
                    "is_consistent_volume_naming_enabled": true,
                    "is_pv_encryption_in_transit_enabled": true,
                    "network_type": "PARAVIRTUALIZED",
                    "remote_data_volume_type": "PARAVIRTUALIZED"
                  }
                ],
                "operating_system": "Oracle Linux",
                "operating_system_version": "8",
                "size_in_mbs": "47694",
                "state": "AVAILABLE",
                "time_created": "2020-07-30 23:25:59.115 +0000 UTC"
              },
              {
                "agent_features": [],
                "base_image_id": "",
                "compartment_id": "",
                "create_image_allowed": true,
                "defined_tags": {},
                "display_name": "Oracle-Linux-7.8-Gen2-GPU-2020.07.28-0",
                "freeform_tags": {},
                "id": "ocid1.image.oc1.iad.aaaaaaaanpytqa77xkkiavvqj7kl624trcdlql7ivk533j7z7bewd73ppvma",
                "image_source_details": [],
                "instance_id": "",
                "launch_mode": "NATIVE",
                "launch_options": [
                  {
                    "boot_volume_type": "PARAVIRTUALIZED",
                    "firmware": "UEFI_64",
                    "is_consistent_volume_naming_enabled": true,
                    "is_pv_encryption_in_transit_enabled": true,
                    "network_type": "PARAVIRTUALIZED",
                    "remote_data_volume_type": "PARAVIRTUALIZED"
                  }
                ],
                "operating_system": "Oracle Linux",
                "operating_system_version": "7.8",
                "size_in_mbs": "47694",
                "state": "AVAILABLE",
                "time_created": "2020-07-29 18:18:37.07 +0000 UTC"
              },
              {
                "agent_features": [],
                "base_image_id": "",
                "compartment_id": "",
                "create_image_allowed": true,
                "defined_tags": {},
                "display_name": "Oracle-Linux-7.8-Gen2-GPU-2020.06.30-0",
                "freeform_tags": {},
                "id": "ocid1.image.oc1.iad.aaaaaaaaqerrgcxb6wfbivekh6ipvdpwdg2gqlh5rwslfghi677o53kuui7a",
                "image_source_details": [],
                "instance_id": "",
                "launch_mode": "NATIVE",
                "launch_options": [
                  {
                    "boot_volume_type": "PARAVIRTUALIZED",
                    "firmware": "UEFI_64",
                    "is_consistent_volume_naming_enabled": true,
                    "is_pv_encryption_in_transit_enabled": true,
                    "network_type": "PARAVIRTUALIZED",
                    "remote_data_volume_type": "PARAVIRTUALIZED"
                  }
                ],
                "operating_system": "Oracle Linux",
                "operating_system_version": "7.8",
                "size_in_mbs": "47694",
                "state": "AVAILABLE",
                "time_created": "2020-06-30 22:58:17.012 +0000 UTC"
              },
              {
                "agent_features": [],
                "base_image_id": "",
                "compartment_id": "",
                "create_image_allowed": true,
                "defined_tags": {},
                "display_name": "Oracle-Linux-7.8-Gen2-GPU-2020.06.09-0",
                "freeform_tags": {},
                "id": "ocid1.image.oc1.iad.aaaaaaaa5nwoe6w4tgzcqajbdvsj5222awziwzvig3nwocstvuwsdqjyctaa",
                "image_source_details": [],
                "instance_id": "",
                "launch_mode": "NATIVE",
                "launch_options": [
                  {
                    "boot_volume_type": "PARAVIRTUALIZED",
                    "firmware": "UEFI_64",
                    "is_consistent_volume_naming_enabled": true,
                    "is_pv_encryption_in_transit_enabled": true,
                    "network_type": "PARAVIRTUALIZED",
                    "remote_data_volume_type": "PARAVIRTUALIZED"
                  }
                ],
                "operating_system": "Oracle Linux",
                "operating_system_version": "7.8",
                "size_in_mbs": "47694",
                "state": "AVAILABLE",
                "time_created": "2020-06-05 23:12:35.345 +0000 UTC"
              },
              {
                "agent_features": [],
                "base_image_id": "",
                "compartment_id": "",
                "create_image_allowed": true,
                "defined_tags": {},
                "display_name": "Oracle-Linux-7.8-Gen2-GPU-2020.05.26-0",
                "freeform_tags": {},
                "id": "ocid1.image.oc1.iad.aaaaaaaanicu6jwa44r4irsh5gdczpcwenttzltsxjns5uummqvs2eouipoa",
                "image_source_details": [],
                "instance_id": "",
                "launch_mode": "NATIVE",
                "launch_options": [
                  {
                    "boot_volume_type": "PARAVIRTUALIZED",
                    "firmware": "UEFI_64",
                    "is_consistent_volume_naming_enabled": true,
                    "is_pv_encryption_in_transit_enabled": true,
                    "network_type": "PARAVIRTUALIZED",
                    "remote_data_volume_type": "PARAVIRTUALIZED"
                  }
                ],
                "operating_system": "Oracle Linux",
                "operating_system_version": "7.8",
                "size_in_mbs": "47694",
                "state": "AVAILABLE",
                "time_created": "2020-05-28 23:06:15.472 +0000 UTC"
              },
              {
                "agent_features": [],
                "base_image_id": "",
                "compartment_id": "",
                "create_image_allowed": true,
                "defined_tags": {},
                "display_name": "Oracle-Linux-7.8-2020.07.28-0",
                "freeform_tags": {},
                "id": "ocid1.image.oc1.iad.aaaaaaaakcggae4tjdluuizz2if7zivhk2ch47yiqyrrhr7qgygchu7ddyla",
                "image_source_details": [],
                "instance_id": "",
                "launch_mode": "NATIVE",
                "launch_options": [
                  {
                    "boot_volume_type": "PARAVIRTUALIZED",
                    "firmware": "UEFI_64",
                    "is_consistent_volume_naming_enabled": true,
                    "is_pv_encryption_in_transit_enabled": true,
                    "network_type": "PARAVIRTUALIZED",
                    "remote_data_volume_type": "PARAVIRTUALIZED"
                  }
                ],
                "operating_system": "Oracle Linux",
                "operating_system_version": "7.8",
                "size_in_mbs": "47694",
                "state": "AVAILABLE",
                "time_created": "2020-07-29 17:49:49.501 +0000 UTC"
              },
              {
                "agent_features": [],
                "base_image_id": "",
                "compartment_id": "",
                "create_image_allowed": true,
                "defined_tags": {},
                "display_name": "Oracle-Linux-7.8-2020.06.30-0",
                "freeform_tags": {},
                "id": "ocid1.image.oc1.iad.aaaaaaaabip6l5i5ikqsnm64xwrw2rrkj3tzo2dv47frowlt3droliwpvfaa",
                "image_source_details": [],
                "instance_id": "",
                "launch_mode": "NATIVE",
                "launch_options": [
                  {
                    "boot_volume_type": "PARAVIRTUALIZED",
                    "firmware": "UEFI_64",
                    "is_consistent_volume_naming_enabled": true,
                    "is_pv_encryption_in_transit_enabled": true,
                    "network_type": "PARAVIRTUALIZED",
                    "remote_data_volume_type": "PARAVIRTUALIZED"
                  }
                ],
                "operating_system": "Oracle Linux",
                "operating_system_version": "7.8",
                "size_in_mbs": "47694",
                "state": "AVAILABLE",
                "time_created": "2020-06-30 23:00:16.448 +0000 UTC"
              },
              {
                "agent_features": [],
                "base_image_id": "",
                "compartment_id": "",
                "create_image_allowed": true,
                "defined_tags": {},
                "display_name": "Oracle-Linux-7.8-2020.06.09-0",
                "freeform_tags": {},
                "id": "ocid1.image.oc1.iad.aaaaaaaajqf67o4fvwpievx2sdjsu5dpgiholpqrjykfvfhccn4qnqmswwpq",
                "image_source_details": [],
                "instance_id": "",
                "launch_mode": "NATIVE",
                "launch_options": [
                  {
                    "boot_volume_type": "PARAVIRTUALIZED",
                    "firmware": "UEFI_64",
                    "is_consistent_volume_naming_enabled": true,
                    "is_pv_encryption_in_transit_enabled": true,
                    "network_type": "PARAVIRTUALIZED",
                    "remote_data_volume_type": "PARAVIRTUALIZED"
                  }
                ],
                "operating_system": "Oracle Linux",
                "operating_system_version": "7.8",
                "size_in_mbs": "47694",
                "state": "AVAILABLE",
                "time_created": "2020-06-05 23:13:00.253 +0000 UTC"
              },
              {
                "agent_features": [],
                "base_image_id": "",
                "compartment_id": "",
                "create_image_allowed": true,
                "defined_tags": {},
                "display_name": "Oracle-Linux-7.8-2020.05.26-0",
                "freeform_tags": {},
                "id": "ocid1.image.oc1.iad.aaaaaaaashyy2whsxs65paokuhg5uyjjqq3x54tnix5all4jjxzvdlz6kltq",
                "image_source_details": [],
                "instance_id": "",
                "launch_mode": "NATIVE",
                "launch_options": [
                  {
                    "boot_volume_type": "PARAVIRTUALIZED",
                    "firmware": "UEFI_64",
                    "is_consistent_volume_naming_enabled": true,
                    "is_pv_encryption_in_transit_enabled": true,
                    "network_type": "PARAVIRTUALIZED",
                    "remote_data_volume_type": "PARAVIRTUALIZED"
                  }
                ],
                "operating_system": "Oracle Linux",
                "operating_system_version": "7.8",
                "size_in_mbs": "47694",
                "state": "AVAILABLE",
                "time_created": "2020-05-28 22:54:17.631 +0000 UTC"
              },
              {
                "agent_features": [],
                "base_image_id": "",
                "compartment_id": "",
                "create_image_allowed": true,
                "defined_tags": {},
                "display_name": "Oracle-Linux-7.8-2020.04.17-0",
                "freeform_tags": {},
                "id": "ocid1.image.oc1.iad.aaaaaaaahjkmmew2pjrcpylaf6zdddtom6xjnazwptervti35keqd4fdylca",
                "image_source_details": [],
                "instance_id": "",
                "launch_mode": "NATIVE",
                "launch_options": [
                  {
                    "boot_volume_type": "PARAVIRTUALIZED",
                    "firmware": "UEFI_64",
                    "is_consistent_volume_naming_enabled": true,
                    "is_pv_encryption_in_transit_enabled": true,
                    "network_type": "PARAVIRTUALIZED",
                    "remote_data_volume_type": "PARAVIRTUALIZED"
                  }
                ],
                "operating_system": "Oracle Linux",
                "operating_system_version": "7.8",
                "size_in_mbs": "47694",
                "state": "AVAILABLE",
                "time_created": "2020-04-20 23:59:00.321 +0000 UTC"
              },
              {
                "agent_features": [],
                "base_image_id": "",
                "compartment_id": "",
                "create_image_allowed": true,
                "defined_tags": {},
                "display_name": "Oracle-Linux-6.10-2020.07.28-0",
                "freeform_tags": {},
                "id": "ocid1.image.oc1.iad.aaaaaaaazfctt3saoidboanmsulmpjv3c37irwuvon3s6urexmbaawkju2yq",
                "image_source_details": [],
                "instance_id": "",
                "launch_mode": "NATIVE",
                "launch_options": [
                  {
                    "boot_volume_type": "PARAVIRTUALIZED",
                    "firmware": "UEFI_64",
                    "is_consistent_volume_naming_enabled": true,
                    "is_pv_encryption_in_transit_enabled": true,
                    "network_type": "PARAVIRTUALIZED",
                    "remote_data_volume_type": "PARAVIRTUALIZED"
                  }
                ],
                "operating_system": "Oracle Linux",
                "operating_system_version": "6.10",
                "size_in_mbs": "47694",
                "state": "AVAILABLE",
                "time_created": "2020-07-29 17:52:45.736 +0000 UTC"
              },
              {
                "agent_features": [],
                "base_image_id": "",
                "compartment_id": "",
                "create_image_allowed": true,
                "defined_tags": {},
                "display_name": "Oracle-Linux-6.10-2020.06.30-0",
                "freeform_tags": {},
                "id": "ocid1.image.oc1.iad.aaaaaaaapxb7bk2z5peviw5on7poesk6zmu4lht3xkkxhwzbafibqtsukq4q",
                "image_source_details": [],
                "instance_id": "",
                "launch_mode": "NATIVE",
                "launch_options": [
                  {
                    "boot_volume_type": "PARAVIRTUALIZED",
                    "firmware": "UEFI_64",
                    "is_consistent_volume_naming_enabled": true,
                    "is_pv_encryption_in_transit_enabled": true,
                    "network_type": "PARAVIRTUALIZED",
                    "remote_data_volume_type": "PARAVIRTUALIZED"
                  }
                ],
                "operating_system": "Oracle Linux",
                "operating_system_version": "6.10",
                "size_in_mbs": "47694",
                "state": "AVAILABLE",
                "time_created": "2020-06-30 22:59:21.725 +0000 UTC"
              },
              {
                "agent_features": [],
                "base_image_id": "",
                "compartment_id": "",
                "create_image_allowed": true,
                "defined_tags": {},
                "display_name": "Oracle-Linux-6.10-2020.05.26-0",
                "freeform_tags": {},
                "id": "ocid1.image.oc1.iad.aaaaaaaamnhodfahbu6464i3dcv54pjk6za4n5egskfsbzdm7cdowkitoyoq",
                "image_source_details": [],
                "instance_id": "",
                "launch_mode": "NATIVE",
                "launch_options": [
                  {
                    "boot_volume_type": "PARAVIRTUALIZED",
                    "firmware": "UEFI_64",
                    "is_consistent_volume_naming_enabled": true,
                    "is_pv_encryption_in_transit_enabled": true,
                    "network_type": "PARAVIRTUALIZED",
                    "remote_data_volume_type": "PARAVIRTUALIZED"
                  }
                ],
                "operating_system": "Oracle Linux",
                "operating_system_version": "6.10",
                "size_in_mbs": "47694",
                "state": "AVAILABLE",
                "time_created": "2020-05-28 22:22:22.152 +0000 UTC"
              }
            ],
            "operating_system": "Oracle Linux",
            "operating_system_version": null,
            "shape": null,
            "sort_by": null,
            "sort_order": null,
            "state": null
          }
        }
      ]
    },
    {
      "mode": "data",
      "type": "oci_core_images",
      "name": "oel",
      "provider": "provider[\"registry.terraform.io/hashicorp/oci\"]",
      "instances": [
        {
          "schema_version": 0,
          "attributes": {
            "compartment_id": "ocid1.tenancy.oc1..aaaaaaaa6hqeaaiu4j6osmqi3e4e5ncq7e7sa5ydzzd33bquycny3rbxvwpq",
            "display_name": null,
            "filter": null,
            "id": "2020-08-21 10:16:32.141432674 +0000 UTC",
            "images": [
              {
                "agent_features": [],
                "base_image_id": "",
                "compartment_id": "",
                "create_image_allowed": true,
                "defined_tags": {},
                "display_name": "Oracle-Linux-8.2-2020.07.28-0",
                "freeform_tags": {},
                "id": "ocid1.image.oc1.iad.aaaaaaaa7loygdwzmew3hud3bqjyzamzqnz3krpiuhjb3z3u5s3hmmtar6mq",
                "image_source_details": [],
                "instance_id": "",
                "launch_mode": "NATIVE",
                "launch_options": [
                  {
                    "boot_volume_type": "PARAVIRTUALIZED",
                    "firmware": "UEFI_64",
                    "is_consistent_volume_naming_enabled": true,
                    "is_pv_encryption_in_transit_enabled": true,
                    "network_type": "PARAVIRTUALIZED",
                    "remote_data_volume_type": "PARAVIRTUALIZED"
                  }
                ],
                "operating_system": "Oracle Linux",
                "operating_system_version": "8",
                "size_in_mbs": "47694",
                "state": "AVAILABLE",
                "time_created": "2020-07-30 23:25:59.115 +0000 UTC"
              },
              {
                "agent_features": [],
                "base_image_id": "",
                "compartment_id": "",
                "create_image_allowed": true,
                "defined_tags": {},
                "display_name": "Oracle-Linux-7.8-Gen2-GPU-2020.07.28-0",
                "freeform_tags": {},
                "id": "ocid1.image.oc1.iad.aaaaaaaanpytqa77xkkiavvqj7kl624trcdlql7ivk533j7z7bewd73ppvma",
                "image_source_details": [],
                "instance_id": "",
                "launch_mode": "NATIVE",
                "launch_options": [
                  {
                    "boot_volume_type": "PARAVIRTUALIZED",
                    "firmware": "UEFI_64",
                    "is_consistent_volume_naming_enabled": true,
                    "is_pv_encryption_in_transit_enabled": true,
                    "network_type": "PARAVIRTUALIZED",
                    "remote_data_volume_type": "PARAVIRTUALIZED"
                  }
                ],
                "operating_system": "Oracle Linux",
                "operating_system_version": "7.8",
                "size_in_mbs": "47694",
                "state": "AVAILABLE",
                "time_created": "2020-07-29 18:18:37.07 +0000 UTC"
              },
              {
                "agent_features": [],
                "base_image_id": "",
                "compartment_id": "",
                "create_image_allowed": true,
                "defined_tags": {},
                "display_name": "Oracle-Linux-7.8-Gen2-GPU-2020.06.30-0",
                "freeform_tags": {},
                "id": "ocid1.image.oc1.iad.aaaaaaaaqerrgcxb6wfbivekh6ipvdpwdg2gqlh5rwslfghi677o53kuui7a",
                "image_source_details": [],
                "instance_id": "",
                "launch_mode": "NATIVE",
                "launch_options": [
                  {
                    "boot_volume_type": "PARAVIRTUALIZED",
                    "firmware": "UEFI_64",
                    "is_consistent_volume_naming_enabled": true,
                    "is_pv_encryption_in_transit_enabled": true,
                    "network_type": "PARAVIRTUALIZED",
                    "remote_data_volume_type": "PARAVIRTUALIZED"
                  }
                ],
                "operating_system": "Oracle Linux",
                "operating_system_version": "7.8",
                "size_in_mbs": "47694",
                "state": "AVAILABLE",
                "time_created": "2020-06-30 22:58:17.012 +0000 UTC"
              },
              {
                "agent_features": [],
                "base_image_id": "",
                "compartment_id": "",
                "create_image_allowed": true,
                "defined_tags": {},
                "display_name": "Oracle-Linux-7.8-Gen2-GPU-2020.06.09-0",
                "freeform_tags": {},
                "id": "ocid1.image.oc1.iad.aaaaaaaa5nwoe6w4tgzcqajbdvsj5222awziwzvig3nwocstvuwsdqjyctaa",
                "image_source_details": [],
                "instance_id": "",
                "launch_mode": "NATIVE",
                "launch_options": [
                  {
                    "boot_volume_type": "PARAVIRTUALIZED",
                    "firmware": "UEFI_64",
                    "is_consistent_volume_naming_enabled": true,
                    "is_pv_encryption_in_transit_enabled": true,
                    "network_type": "PARAVIRTUALIZED",
                    "remote_data_volume_type": "PARAVIRTUALIZED"
                  }
                ],
                "operating_system": "Oracle Linux",
                "operating_system_version": "7.8",
                "size_in_mbs": "47694",
                "state": "AVAILABLE",
                "time_created": "2020-06-05 23:12:35.345 +0000 UTC"
              },
              {
                "agent_features": [],
                "base_image_id": "",
                "compartment_id": "",
                "create_image_allowed": true,
                "defined_tags": {},
                "display_name": "Oracle-Linux-7.8-Gen2-GPU-2020.05.26-0",
                "freeform_tags": {},
                "id": "ocid1.image.oc1.iad.aaaaaaaanicu6jwa44r4irsh5gdczpcwenttzltsxjns5uummqvs2eouipoa",
                "image_source_details": [],
                "instance_id": "",
                "launch_mode": "NATIVE",
                "launch_options": [
                  {
                    "boot_volume_type": "PARAVIRTUALIZED",
                    "firmware": "UEFI_64",
                    "is_consistent_volume_naming_enabled": true,
                    "is_pv_encryption_in_transit_enabled": true,
                    "network_type": "PARAVIRTUALIZED",
                    "remote_data_volume_type": "PARAVIRTUALIZED"
                  }
                ],
                "operating_system": "Oracle Linux",
                "operating_system_version": "7.8",
                "size_in_mbs": "47694",
                "state": "AVAILABLE",
                "time_created": "2020-05-28 23:06:15.472 +0000 UTC"
              },
              {
                "agent_features": [],
                "base_image_id": "",
                "compartment_id": "",
                "create_image_allowed": true,
                "defined_tags": {},
                "display_name": "Oracle-Linux-7.8-2020.07.28-0",
                "freeform_tags": {},
                "id": "ocid1.image.oc1.iad.aaaaaaaakcggae4tjdluuizz2if7zivhk2ch47yiqyrrhr7qgygchu7ddyla",
                "image_source_details": [],
                "instance_id": "",
                "launch_mode": "NATIVE",
                "launch_options": [
                  {
                    "boot_volume_type": "PARAVIRTUALIZED",
                    "firmware": "UEFI_64",
                    "is_consistent_volume_naming_enabled": true,
                    "is_pv_encryption_in_transit_enabled": true,
                    "network_type": "PARAVIRTUALIZED",
                    "remote_data_volume_type": "PARAVIRTUALIZED"
                  }
                ],
                "operating_system": "Oracle Linux",
                "operating_system_version": "7.8",
                "size_in_mbs": "47694",
                "state": "AVAILABLE",
                "time_created": "2020-07-29 17:49:49.501 +0000 UTC"
              },
              {
                "agent_features": [],
                "base_image_id": "",
                "compartment_id": "",
                "create_image_allowed": true,
                "defined_tags": {},
                "display_name": "Oracle-Linux-7.8-2020.06.30-0",
                "freeform_tags": {},
                "id": "ocid1.image.oc1.iad.aaaaaaaabip6l5i5ikqsnm64xwrw2rrkj3tzo2dv47frowlt3droliwpvfaa",
                "image_source_details": [],
                "instance_id": "",
                "launch_mode": "NATIVE",
                "launch_options": [
                  {
                    "boot_volume_type": "PARAVIRTUALIZED",
                    "firmware": "UEFI_64",
                    "is_consistent_volume_naming_enabled": true,
                    "is_pv_encryption_in_transit_enabled": true,
                    "network_type": "PARAVIRTUALIZED",
                    "remote_data_volume_type": "PARAVIRTUALIZED"
                  }
                ],
                "operating_system": "Oracle Linux",
                "operating_system_version": "7.8",
                "size_in_mbs": "47694",
                "state": "AVAILABLE",
                "time_created": "2020-06-30 23:00:16.448 +0000 UTC"
              },
              {
                "agent_features": [],
                "base_image_id": "",
                "compartment_id": "",
                "create_image_allowed": true,
                "defined_tags": {},
                "display_name": "Oracle-Linux-7.8-2020.06.09-0",
                "freeform_tags": {},
                "id": "ocid1.image.oc1.iad.aaaaaaaajqf67o4fvwpievx2sdjsu5dpgiholpqrjykfvfhccn4qnqmswwpq",
                "image_source_details": [],
                "instance_id": "",
                "launch_mode": "NATIVE",
                "launch_options": [
                  {
                    "boot_volume_type": "PARAVIRTUALIZED",
                    "firmware": "UEFI_64",
                    "is_consistent_volume_naming_enabled": true,
                    "is_pv_encryption_in_transit_enabled": true,
                    "network_type": "PARAVIRTUALIZED",
                    "remote_data_volume_type": "PARAVIRTUALIZED"
                  }
                ],
                "operating_system": "Oracle Linux",
                "operating_system_version": "7.8",
                "size_in_mbs": "47694",
                "state": "AVAILABLE",
                "time_created": "2020-06-05 23:13:00.253 +0000 UTC"
              },
              {
                "agent_features": [],
                "base_image_id": "",
                "compartment_id": "",
                "create_image_allowed": true,
                "defined_tags": {},
                "display_name": "Oracle-Linux-7.8-2020.05.26-0",
                "freeform_tags": {},
                "id": "ocid1.image.oc1.iad.aaaaaaaashyy2whsxs65paokuhg5uyjjqq3x54tnix5all4jjxzvdlz6kltq",
                "image_source_details": [],
                "instance_id": "",
                "launch_mode": "NATIVE",
                "launch_options": [
                  {
                    "boot_volume_type": "PARAVIRTUALIZED",
                    "firmware": "UEFI_64",
                    "is_consistent_volume_naming_enabled": true,
                    "is_pv_encryption_in_transit_enabled": true,
                    "network_type": "PARAVIRTUALIZED",
                    "remote_data_volume_type": "PARAVIRTUALIZED"
                  }
                ],
                "operating_system": "Oracle Linux",
                "operating_system_version": "7.8",
                "size_in_mbs": "47694",
                "state": "AVAILABLE",
                "time_created": "2020-05-28 22:54:17.631 +0000 UTC"
              },
              {
                "agent_features": [],
                "base_image_id": "",
                "compartment_id": "",
                "create_image_allowed": true,
                "defined_tags": {},
                "display_name": "Oracle-Linux-7.8-2020.04.17-0",
                "freeform_tags": {},
                "id": "ocid1.image.oc1.iad.aaaaaaaahjkmmew2pjrcpylaf6zdddtom6xjnazwptervti35keqd4fdylca",
                "image_source_details": [],
                "instance_id": "",
                "launch_mode": "NATIVE",
                "launch_options": [
                  {
                    "boot_volume_type": "PARAVIRTUALIZED",
                    "firmware": "UEFI_64",
                    "is_consistent_volume_naming_enabled": true,
                    "is_pv_encryption_in_transit_enabled": true,
                    "network_type": "PARAVIRTUALIZED",
                    "remote_data_volume_type": "PARAVIRTUALIZED"
                  }
                ],
                "operating_system": "Oracle Linux",
                "operating_system_version": "7.8",
                "size_in_mbs": "47694",
                "state": "AVAILABLE",
                "time_created": "2020-04-20 23:59:00.321 +0000 UTC"
              },
              {
                "agent_features": [],
                "base_image_id": "",
                "compartment_id": "",
                "create_image_allowed": true,
                "defined_tags": {},
                "display_name": "Oracle-Linux-6.10-2020.07.28-0",
                "freeform_tags": {},
                "id": "ocid1.image.oc1.iad.aaaaaaaazfctt3saoidboanmsulmpjv3c37irwuvon3s6urexmbaawkju2yq",
                "image_source_details": [],
                "instance_id": "",
                "launch_mode": "NATIVE",
                "launch_options": [
                  {
                    "boot_volume_type": "PARAVIRTUALIZED",
                    "firmware": "UEFI_64",
                    "is_consistent_volume_naming_enabled": true,
                    "is_pv_encryption_in_transit_enabled": true,
                    "network_type": "PARAVIRTUALIZED",
                    "remote_data_volume_type": "PARAVIRTUALIZED"
                  }
                ],
                "operating_system": "Oracle Linux",
                "operating_system_version": "6.10",
                "size_in_mbs": "47694",
                "state": "AVAILABLE",
                "time_created": "2020-07-29 17:52:45.736 +0000 UTC"
              },
              {
                "agent_features": [],
                "base_image_id": "",
                "compartment_id": "",
                "create_image_allowed": true,
                "defined_tags": {},
                "display_name": "Oracle-Linux-6.10-2020.06.30-0",
                "freeform_tags": {},
                "id": "ocid1.image.oc1.iad.aaaaaaaapxb7bk2z5peviw5on7poesk6zmu4lht3xkkxhwzbafibqtsukq4q",
                "image_source_details": [],
                "instance_id": "",
                "launch_mode": "NATIVE",
                "launch_options": [
                  {
                    "boot_volume_type": "PARAVIRTUALIZED",
                    "firmware": "UEFI_64",
                    "is_consistent_volume_naming_enabled": true,
                    "is_pv_encryption_in_transit_enabled": true,
                    "network_type": "PARAVIRTUALIZED",
                    "remote_data_volume_type": "PARAVIRTUALIZED"
                  }
                ],
                "operating_system": "Oracle Linux",
                "operating_system_version": "6.10",
                "size_in_mbs": "47694",
                "state": "AVAILABLE",
                "time_created": "2020-06-30 22:59:21.725 +0000 UTC"
              },
              {
                "agent_features": [],
                "base_image_id": "",
                "compartment_id": "",
                "create_image_allowed": true,
                "defined_tags": {},
                "display_name": "Oracle-Linux-6.10-2020.05.26-0",
                "freeform_tags": {},
                "id": "ocid1.image.oc1.iad.aaaaaaaamnhodfahbu6464i3dcv54pjk6za4n5egskfsbzdm7cdowkitoyoq",
                "image_source_details": [],
                "instance_id": "",
                "launch_mode": "NATIVE",
                "launch_options": [
                  {
                    "boot_volume_type": "PARAVIRTUALIZED",
                    "firmware": "UEFI_64",
                    "is_consistent_volume_naming_enabled": true,
                    "is_pv_encryption_in_transit_enabled": true,
                    "network_type": "PARAVIRTUALIZED",
                    "remote_data_volume_type": "PARAVIRTUALIZED"
                  }
                ],
                "operating_system": "Oracle Linux",
                "operating_system_version": "6.10",
                "size_in_mbs": "47694",
                "state": "AVAILABLE",
                "time_created": "2020-05-28 22:22:22.152 +0000 UTC"
              }
            ],
            "operating_system": "Oracle Linux",
            "operating_system_version": null,
            "shape": null,
            "sort_by": null,
            "sort_order": null,
            "state": null
          }
        }
      ]
    },
    {
      "mode": "data",
      "type": "oci_identity_availability_domains",
      "name": "ads",
      "provider": "provider[\"registry.terraform.io/hashicorp/oci\"]",
      "instances": [
        {
          "schema_version": 0,
          "attributes": {
            "availability_domains": [
              {
                "compartment_id": "ocid1.tenancy.oc1..aaaaaaaa6hqeaaiu4j6osmqi3e4e5ncq7e7sa5ydzzd33bquycny3rbxvwpq",
                "id": "ocid1.availabilitydomain.oc1..aaaaaaaauvt2n7pijol7uqgdnnsoojcukrijtmcltvfwxazmitk235wyohta",
                "name": "HKve:US-ASHBURN-AD-1"
              },
              {
                "compartment_id": "ocid1.tenancy.oc1..aaaaaaaa6hqeaaiu4j6osmqi3e4e5ncq7e7sa5ydzzd33bquycny3rbxvwpq",
                "id": "ocid1.availabilitydomain.oc1..aaaaaaaaztunlny6ae4yw2vghp5go2zceaonwp6wiioe3tnh2vlaxjjl2n3a",
                "name": "HKve:US-ASHBURN-AD-2"
              },
              {
                "compartment_id": "ocid1.tenancy.oc1..aaaaaaaa6hqeaaiu4j6osmqi3e4e5ncq7e7sa5ydzzd33bquycny3rbxvwpq",
                "id": "ocid1.availabilitydomain.oc1..aaaaaaaatrwxaogr7dl4yschqtrmqrdv6uzis3mgbnomiagqrfhcb7mxsfdq",
                "name": "HKve:US-ASHBURN-AD-3"
              }
            ],
            "compartment_id": "ocid1.tenancy.oc1..aaaaaaaa6hqeaaiu4j6osmqi3e4e5ncq7e7sa5ydzzd33bquycny3rbxvwpq",
            "filter": null,
            "id": "2020-08-21 10:16:32.201874541 +0000 UTC"
          }
        }
      ]
    },
    {
      "mode": "managed",
      "type": "oci_core_instance",
      "name": "mediawiki_vm",
      "provider": "provider[\"registry.terraform.io/hashicorp/oci\"]",
      "instances": [
        {
          "schema_version": 0,
          "attributes": {
            "agent_config": [
              {
                "is_management_disabled": false,
                "is_monitoring_disabled": false
              }
            ],
            "availability_config": [
              {
                "recovery_action": "RESTORE_INSTANCE"
              }
            ],
            "availability_domain": "HKve:US-ASHBURN-AD-1",
            "boot_volume_id": "ocid1.bootvolume.oc1.iad.abuwcljrutvnu5iyj2ndvunsxnxvw6pwzyz2lqkztn3ylmyoaazczip6jrgq",
            "compartment_id": "ocid1.compartment.oc1..aaaaaaaa4xosvfl2h2lu3qsay7sx5eh7yvg7gt7lg456tffupqggnqbxm3ea",
            "create_vnic_details": [
              {
                "assign_public_ip": "true",
                "defined_tags": {
                  "Oracle-Tags.CreatedBy": "99555784-lab.user01",
                  "Oracle-Tags.CreatedOn": "2020-08-21T10:19:43.743Z"
                },
                "display_name": "primary-vnic",
                "freeform_tags": {},
                "hostname_label": "mediawiki",
                "nsg_ids": null,
                "private_ip": "192.168.10.2",
                "skip_source_dest_check": false,
                "subnet_id": "ocid1.subnet.oc1.iad.aaaaaaaamiztjgi2tw6t7gvyw55k7e3rf6ljqps2fqgabtsn74x4rgcklmca",
                "vlan_id": ""
              }
            ],
            "dedicated_vm_host_id": null,
            "defined_tags": {
              "Oracle-Tags.CreatedBy": "99555784-lab.user01",
              "Oracle-Tags.CreatedOn": "2020-08-21T10:19:43.515Z"
            },
            "display_name": "mediawiki-vm",
            "extended_metadata": null,
            "fault_domain": "FAULT-DOMAIN-2",
            "freeform_tags": {},
            "hostname_label": "mediawiki",
            "id": "ocid1.instance.oc1.iad.anuwcljrlwlrxmychseiwur5aky5ekthw5m3dhswr6gyqme2t2nqtcltukta",
            "image": "ocid1.image.oc1.iad.aaaaaaaakcggae4tjdluuizz2if7zivhk2ch47yiqyrrhr7qgygchu7ddyla",
            "ipxe_script": null,
            "is_pv_encryption_in_transit_enabled": null,
            "launch_mode": "NATIVE",
            "launch_options": [
              {
                "boot_volume_type": "PARAVIRTUALIZED",
                "firmware": "UEFI_64",
                "is_consistent_volume_naming_enabled": true,
                "is_pv_encryption_in_transit_enabled": false,
                "network_type": "PARAVIRTUALIZED",
                "remote_data_volume_type": "PARAVIRTUALIZED"
              }
            ],
            "metadata": {
              "ssh_authorized_keys": "ssh-rsa AAAAB3NzaC1yc2EAAAABJQAAAQEArVZFldun4HYdYSUUm+FpO/XMyMO7MKImnKo9rl4j1ROFxqN7gMomiX9gOq5/+jakL60w3NbudprCJDcAR5KWVeSbjQ8HCsW6Z1gPtNhiho15Nt8mMGbZ+a6gPUsdJd9muOqBh09WL/SgDGpDMNmXpGDUWn927keixOX8F2tFbmuK/u9aZ5ST5En934AFIahoYd9ssrd3UzDpT0hdsL4BekzPZI+rO8ed1oIplTH1CAXIiVJqL33RNCaGMpW1hD7WO+YGhHGfTNy6tkvt8f12nlAW67W4IHg6QC1pxM9prrwum0OSt17IWdX7dBxVQaenFlFJzo9XI7o9nla2zjO3HQ== rsa-key-20190528\n",
              "user_data": "I2Nsb3VkLWNvbmZpZwp3cml0ZV9maWxlczoKLSAgIGNvbnRlbnQ6IHwKICAgICAgPCFET0NUWVBFIGh0bWwgUFVCTElDICItLy9XM0MvL0RURCBYSFRNTCAxLjEvL0VOIiAiaHR0cDovL3d3dy53My5vcmcvVFIveGh0bWwxMS9EVEQveGh0bWwxMS5kdGQiPgoKICAgICAgPGh0bWwgeG1sbnM9Imh0dHA6Ly93d3cudzMub3JnLzE5OTkveGh0bWwiIHhtbDpsYW5nPSJlbiI+CiAgICAgIDxoZWFkPgogICAgICAgIDx0aXRsZT5OZ2lueCBIVFRQIFNlcnZlciBvbiBPcmFjbGUgQ2xvdWQgSW5mcmFzdHJ1Y3R1cmU8L3RpdGxlPgogICAgICAgIDxtZXRhIGh0dHAtZXF1aXY9IkNvbnRlbnQtVHlwZSIgY29udGVudD0idGV4dC9odG1sOyBjaGFyc2V0PVVURi04IiAvPgogICAgICA8L2hlYWQ+CiAgICAgIDxib2R5PgogICAgICAgIDxkaXY+V2VsY29tZSB0byA8Yj5uZ2lueDwvYj4gb24gT3JhY2xlIENsb3VkIEluZnJhc3RydWN0dXJlITwvZGl2PgogICAgICA8L2JvZHk+CiAgICAgIDwvaHRtbD4KICAgIG93bmVyOiBvcGM6b3BjCiAgICBwYXRoOiAvaG9tZS9vcGMvaW5kZXguaHRtbApydW5jbWQ6Ci0gICAvYmluL3l1bSBpbnN0YWxsIC15IGRvY2tlci1lbmdpbmUKLSAgIC9iaW4vc3lzdGVtY3RsIHN0YXJ0IGRvY2tlcgotICAgL2Jpbi9maXJld2FsbC1vZmZsaW5lLWNtZCAtLWFkZC1wb3J0PTgwL3RjcAotICAgL2Jpbi9zeXN0ZW1jdGwgcmVzdGFydCBmaXJld2FsbGQKLSAgIC9iaW4vc3lzdGVtY3RsL2VuYWJsZSBkb2NrZXIK"
            },
            "preserve_boot_volume": null,
            "private_ip": "192.168.10.2",
            "public_ip": "150.136.211.228",
            "region": "iad",
            "shape": "VM.Standard2.1",
            "shape_config": [
              {
                "gpu_description": "",
                "gpus": 0,
                "local_disk_description": "",
                "local_disks": 0,
                "local_disks_total_size_in_gbs": 0,
                "max_vnic_attachments": 2,
                "memory_in_gbs": 15,
                "networking_bandwidth_in_gbps": 1,
                "ocpus": 1,
                "processor_description": "2.0 GHz Intel® Xeon® Platinum 8167M (Skylake)"
              }
            ],
            "source_details": [
              {
                "boot_volume_size_in_gbs": "47",
                "kms_key_id": "",
                "source_id": "ocid1.image.oc1.iad.aaaaaaaakcggae4tjdluuizz2if7zivhk2ch47yiqyrrhr7qgygchu7ddyla",
                "source_type": "image"
              }
            ],
            "state": "RUNNING",
            "subnet_id": "ocid1.subnet.oc1.iad.aaaaaaaamiztjgi2tw6t7gvyw55k7e3rf6ljqps2fqgabtsn74x4rgcklmca",
            "system_tags": {},
            "time_created": "2020-08-21 10:19:44.443 +0000 UTC",
            "time_maintenance_reboot_due": "",
            "timeouts": {
              "create": "5m",
              "delete": null,
              "update": null
            }
          },
          "private": "eyJlMmJmYjczMC1lY2FhLTExZTYtOGY4OC0zNDM2M2JjN2M0YzAiOnsiY3JlYXRlIjozMDAwMDAwMDAwMDAsImRlbGV0ZSI6NzIwMDAwMDAwMDAwMCwidXBkYXRlIjo3MjAwMDAwMDAwMDAwfX0=",
          "dependencies": [
            "data.oci_core_images.oel",
            "data.oci_identity_availability_domains.ads",
            "oci_core_subnet.mediawiki_subnet"
          ]
        }
      ]
    },
    {
      "mode": "managed",
      "type": "oci_core_internet_gateway",
      "name": "mediawiki_igw",
      "provider": "provider[\"registry.terraform.io/hashicorp/oci\"]",
      "instances": [
        {
          "schema_version": 0,
          "attributes": {
            "compartment_id": "ocid1.compartment.oc1..aaaaaaaa4xosvfl2h2lu3qsay7sx5eh7yvg7gt7lg456tffupqggnqbxm3ea",
            "defined_tags": {
              "Oracle-Tags.CreatedBy": "99555784-lab.user01",
              "Oracle-Tags.CreatedOn": "2020-08-21T09:55:37.075Z"
            },
            "display_name": "mediawiki-igw",
            "enabled": true,
            "freeform_tags": {},
            "id": "ocid1.internetgateway.oc1.iad.aaaaaaaaqtvkomqp2xrfrayqtppd7kmkp5bfx5anl2xxv3je3rpvl7ec37fa",
            "state": "AVAILABLE",
            "time_created": "2020-08-21 09:55:37.117 +0000 UTC",
            "timeouts": null,
            "vcn_id": "ocid1.vcn.oc1.iad.amaaaaaalwlrxmya3u2mg4lac3vpcmsxqaxdcwdp23uxpp4emgbewxxhfvlq"
          },
          "private": "eyJlMmJmYjczMC1lY2FhLTExZTYtOGY4OC0zNDM2M2JjN2M0YzAiOnsiY3JlYXRlIjo5MDAwMDAwMDAwMDAsImRlbGV0ZSI6OTAwMDAwMDAwMDAwLCJ1cGRhdGUiOjkwMDAwMDAwMDAwMH19",
          "dependencies": [
            "oci_core_virtual_network.mediawiki_vcn"
          ]
        }
      ]
    },
    {
      "mode": "managed",
      "type": "oci_core_route_table",
      "name": "mediawiki_rt",
      "provider": "provider[\"registry.terraform.io/hashicorp/oci\"]",
      "instances": [
        {
          "schema_version": 0,
          "attributes": {
            "compartment_id": "ocid1.compartment.oc1..aaaaaaaa4xosvfl2h2lu3qsay7sx5eh7yvg7gt7lg456tffupqggnqbxm3ea",
            "defined_tags": {
              "Oracle-Tags.CreatedBy": "99555784-lab.user01",
              "Oracle-Tags.CreatedOn": "2020-08-21T09:55:37.304Z"
            },
            "display_name": "mediawiki-rt",
            "freeform_tags": {},
            "id": "ocid1.routetable.oc1.iad.aaaaaaaa6tgrveb7wonqcce4tbao7hufevagiovxd7ufv4p5dw5mja2dxxvq",
            "route_rules": [
              {
                "cidr_block": "",
                "description": "",
                "destination": "0.0.0.0/0",
                "destination_type": "CIDR_BLOCK",
                "network_entity_id": "ocid1.internetgateway.oc1.iad.aaaaaaaaqtvkomqp2xrfrayqtppd7kmkp5bfx5anl2xxv3je3rpvl7ec37fa"
              }
            ],
            "state": "AVAILABLE",
            "time_created": "2020-08-21 09:55:37.335 +0000 UTC",
            "timeouts": null,
            "vcn_id": "ocid1.vcn.oc1.iad.amaaaaaalwlrxmya3u2mg4lac3vpcmsxqaxdcwdp23uxpp4emgbewxxhfvlq"
          },
          "private": "eyJlMmJmYjczMC1lY2FhLTExZTYtOGY4OC0zNDM2M2JjN2M0YzAiOnsiY3JlYXRlIjo5MDAwMDAwMDAwMDAsImRlbGV0ZSI6OTAwMDAwMDAwMDAwLCJ1cGRhdGUiOjkwMDAwMDAwMDAwMH19",
          "dependencies": [
            "oci_core_internet_gateway.mediawiki_igw",
            "oci_core_virtual_network.mediawiki_vcn"
          ]
        }
      ]
    },
    {
      "mode": "managed",
      "type": "oci_core_security_list",
      "name": "mediawiki_sl",
      "provider": "provider[\"registry.terraform.io/hashicorp/oci\"]",
      "instances": [
        {
          "schema_version": 0,
          "attributes": {
            "compartment_id": "ocid1.compartment.oc1..aaaaaaaa4xosvfl2h2lu3qsay7sx5eh7yvg7gt7lg456tffupqggnqbxm3ea",
            "defined_tags": {
              "Oracle-Tags.CreatedBy": "99555784-lab.user01",
              "Oracle-Tags.CreatedOn": "2020-08-21T09:55:37.215Z"
            },
            "display_name": "mediawiki-sl",
            "egress_security_rules": [
              {
                "description": "",
                "destination": "0.0.0.0/0",
                "destination_type": "CIDR_BLOCK",
                "icmp_options": [],
                "protocol": "all",
                "stateless": false,
                "tcp_options": [],
                "udp_options": []
              }
            ],
            "freeform_tags": {},
            "id": "ocid1.securitylist.oc1.iad.aaaaaaaa6t6nwlpe4lbscnnn6tbj6oxj6g7slb2psbfzj6pe3yjjd6ulhdaq",
            "ingress_security_rules": [
              {
                "description": "",
                "icmp_options": [],
                "protocol": "6",
                "source": "0.0.0.0/0",
                "source_type": "CIDR_BLOCK",
                "stateless": false,
                "tcp_options": [],
                "udp_options": []
              }
            ],
            "state": "AVAILABLE",
            "time_created": "2020-08-21 09:55:37.254 +0000 UTC",
            "timeouts": null,
            "vcn_id": "ocid1.vcn.oc1.iad.amaaaaaalwlrxmya3u2mg4lac3vpcmsxqaxdcwdp23uxpp4emgbewxxhfvlq"
          },
          "private": "eyJlMmJmYjczMC1lY2FhLTExZTYtOGY4OC0zNDM2M2JjN2M0YzAiOnsiY3JlYXRlIjo5MDAwMDAwMDAwMDAsImRlbGV0ZSI6OTAwMDAwMDAwMDAwLCJ1cGRhdGUiOjkwMDAwMDAwMDAwMH19",
          "dependencies": [
            "oci_core_virtual_network.mediawiki_vcn"
          ]
        }
      ]
    },
    {
      "mode": "managed",
      "type": "oci_core_subnet",
      "name": "mediawiki_subnet",
      "provider": "provider[\"registry.terraform.io/hashicorp/oci\"]",
      "instances": [
        {
          "schema_version": 0,
          "attributes": {
            "availability_domain": "HKve:US-ASHBURN-AD-1",
            "cidr_block": "192.168.10.0/30",
            "compartment_id": "ocid1.compartment.oc1..aaaaaaaa4xosvfl2h2lu3qsay7sx5eh7yvg7gt7lg456tffupqggnqbxm3ea",
            "defined_tags": {
              "Oracle-Tags.CreatedBy": "99555784-lab.user01",
              "Oracle-Tags.CreatedOn": "2020-08-21T09:55:37.602Z"
            },
            "dhcp_options_id": "ocid1.dhcpoptions.oc1.iad.aaaaaaaaj7jlwy3mbxiiqpx4cztqjecghcdvkzewgqo3jkyptihnvgwrkp6q",
            "display_name": "mediawiki-subnet",
            "dns_label": "mediawikisubnet",
            "freeform_tags": {},
            "id": "ocid1.subnet.oc1.iad.aaaaaaaamiztjgi2tw6t7gvyw55k7e3rf6ljqps2fqgabtsn74x4rgcklmca",
            "ipv6cidr_block": null,
            "ipv6public_cidr_block": null,
            "ipv6virtual_router_ip": null,
            "prohibit_public_ip_on_vnic": false,
            "route_table_id": "ocid1.routetable.oc1.iad.aaaaaaaa6tgrveb7wonqcce4tbao7hufevagiovxd7ufv4p5dw5mja2dxxvq",
            "security_list_ids": [
              "ocid1.securitylist.oc1.iad.aaaaaaaa6t6nwlpe4lbscnnn6tbj6oxj6g7slb2psbfzj6pe3yjjd6ulhdaq"
            ],
            "state": "AVAILABLE",
            "subnet_domain_name": "mediawikisubnet.mediawiki.oraclevcn.com",
            "time_created": "2020-08-21 09:55:37.657 +0000 UTC",
            "timeouts": null,
            "vcn_id": "ocid1.vcn.oc1.iad.amaaaaaalwlrxmya3u2mg4lac3vpcmsxqaxdcwdp23uxpp4emgbewxxhfvlq",
            "virtual_router_ip": "192.168.10.1",
            "virtual_router_mac": "00:00:17:F2:64:7F"
          },
          "private": "eyJlMmJmYjczMC1lY2FhLTExZTYtOGY4OC0zNDM2M2JjN2M0YzAiOnsiY3JlYXRlIjo5MDAwMDAwMDAwMDAsImRlbGV0ZSI6OTAwMDAwMDAwMDAwLCJ1cGRhdGUiOjkwMDAwMDAwMDAwMH19",
          "dependencies": [
            "data.oci_identity_availability_domains.ads",
            "oci_core_internet_gateway.mediawiki_igw",
            "oci_core_route_table.mediawiki_rt",
            "oci_core_security_list.mediawiki_sl",
            "oci_core_virtual_network.mediawiki_vcn"
          ]
        }
      ]
    },
    {
      "mode": "managed",
      "type": "oci_core_virtual_network",
      "name": "mediawiki_vcn",
      "provider": "provider[\"registry.terraform.io/hashicorp/oci\"]",
      "instances": [
        {
          "schema_version": 0,
          "attributes": {
            "cidr_block": "192.168.10.0/24",
            "compartment_id": "ocid1.compartment.oc1..aaaaaaaa4xosvfl2h2lu3qsay7sx5eh7yvg7gt7lg456tffupqggnqbxm3ea",
            "default_dhcp_options_id": "ocid1.dhcpoptions.oc1.iad.aaaaaaaaj7jlwy3mbxiiqpx4cztqjecghcdvkzewgqo3jkyptihnvgwrkp6q",
            "default_route_table_id": "ocid1.routetable.oc1.iad.aaaaaaaavxx7ay4przp4x4pcto5gjwfvhenpwn557cmiz5i2sp6lqbsdotra",
            "default_security_list_id": "ocid1.securitylist.oc1.iad.aaaaaaaa25kmlu3znjpwejij3axowcbi2w3r3jbmd5wrdymozzfpianhjpiq",
            "defined_tags": {
              "Oracle-Tags.CreatedBy": "99555784-lab.user01",
              "Oracle-Tags.CreatedOn": "2020-08-21T09:55:36.701Z"
            },
            "display_name": "mediawiki-vcn",
            "dns_label": "mediawiki",
            "freeform_tags": {},
            "id": "ocid1.vcn.oc1.iad.amaaaaaalwlrxmya3u2mg4lac3vpcmsxqaxdcwdp23uxpp4emgbewxxhfvlq",
            "ipv6cidr_block": null,
            "ipv6public_cidr_block": null,
            "is_ipv6enabled": null,
            "state": "AVAILABLE",
            "time_created": "2020-08-21 09:55:36.706 +0000 UTC",
            "timeouts": null,
            "vcn_domain_name": "mediawiki.oraclevcn.com"
          },
          "private": "eyJlMmJmYjczMC1lY2FhLTExZTYtOGY4OC0zNDM2M2JjN2M0YzAiOnsiY3JlYXRlIjo5MDAwMDAwMDAwMDAsImRlbGV0ZSI6OTAwMDAwMDAwMDAwLCJ1cGRhdGUiOjkwMDAwMDAwMDAwMH19"
        }
      ]
    }
  ]
}
